// !$*UTF8*$!
{
	archiveVersion = 1;
	classes = {
	};
	objectVersion = 56;
	objects = {

/* Begin PBXBuildFile section */
		2792F11C2C11A696000408D4 /* AppDelegate.swift in Sources */ = {isa = PBXBuildFile; fileRef = 2792F11B2C11A696000408D4 /* AppDelegate.swift */; };
		2792F11E2C11A696000408D4 /* SceneDelegate.swift in Sources */ = {isa = PBXBuildFile; fileRef = 2792F11D2C11A696000408D4 /* SceneDelegate.swift */; };
		2792F1202C11A696000408D4 /* ViewController.swift in Sources */ = {isa = PBXBuildFile; fileRef = 2792F11F2C11A696000408D4 /* ViewController.swift */; };
		2792F1252C11A697000408D4 /* Assets.xcassets in Resources */ = {isa = PBXBuildFile; fileRef = 2792F1242C11A697000408D4 /* Assets.xcassets */; };
		2792F1282C11A697000408D4 /* Base in Resources */ = {isa = PBXBuildFile; fileRef = 2792F1272C11A697000408D4 /* Base */; };
		2792F1312C11A83E000408D4 /* LottoViewController.swift in Sources */ = {isa = PBXBuildFile; fileRef = 2792F1302C11A83E000408D4 /* LottoViewController.swift */; };
		2792F1332C11A90C000408D4 /* .gitignore in Resources */ = {isa = PBXBuildFile; fileRef = 2792F1322C11A90C000408D4 /* .gitignore */; };
		2792F1362C11AD5B000408D4 /* SnapKit in Frameworks */ = {isa = PBXBuildFile; productRef = 2792F1352C11AD5B000408D4 /* SnapKit */; };
		2792F1392C11AD69000408D4 /* Alamofire in Frameworks */ = {isa = PBXBuildFile; productRef = 2792F1382C11AD69000408D4 /* Alamofire */; };
		2792F13B2C1300CE000408D4 /* APIKey.swift in Sources */ = {isa = PBXBuildFile; fileRef = 2792F13A2C1300CE000408D4 /* APIKey.swift */; };
		2792F13F2C13460E000408D4 /* MovieViewController.swift in Sources */ = {isa = PBXBuildFile; fileRef = 2792F13E2C13460E000408D4 /* MovieViewController.swift */; };
/* End PBXBuildFile section */

/* Begin PBXFileReference section */
		2792F1182C11A696000408D4 /* OpenAPI-Practice.app */ = {isa = PBXFileReference; explicitFileType = wrapper.application; includeInIndex = 0; path = "OpenAPI-Practice.app"; sourceTree = BUILT_PRODUCTS_DIR; };
		2792F11B2C11A696000408D4 /* AppDelegate.swift */ = {isa = PBXFileReference; lastKnownFileType = sourcecode.swift; path = AppDelegate.swift; sourceTree = "<group>"; };
		2792F11D2C11A696000408D4 /* SceneDelegate.swift */ = {isa = PBXFileReference; lastKnownFileType = sourcecode.swift; path = SceneDelegate.swift; sourceTree = "<group>"; };
		2792F11F2C11A696000408D4 /* ViewController.swift */ = {isa = PBXFileReference; lastKnownFileType = sourcecode.swift; path = ViewController.swift; sourceTree = "<group>"; };
		2792F1242C11A697000408D4 /* Assets.xcassets */ = {isa = PBXFileReference; lastKnownFileType = folder.assetcatalog; path = Assets.xcassets; sourceTree = "<group>"; };
		2792F1272C11A697000408D4 /* Base */ = {isa = PBXFileReference; lastKnownFileType = file.storyboard; name = Base; path = Base.lproj/LaunchScreen.storyboard; sourceTree = "<group>"; };
		2792F1292C11A697000408D4 /* Info.plist */ = {isa = PBXFileReference; lastKnownFileType = text.plist.xml; path = Info.plist; sourceTree = "<group>"; };
		2792F1302C11A83E000408D4 /* LottoViewController.swift */ = {isa = PBXFileReference; lastKnownFileType = sourcecode.swift; path = LottoViewController.swift; sourceTree = "<group>"; };
		2792F1322C11A90C000408D4 /* .gitignore */ = {isa = PBXFileReference; lastKnownFileType = text; path = .gitignore; sourceTree = "<group>"; };
		2792F13A2C1300CE000408D4 /* APIKey.swift */ = {isa = PBXFileReference; lastKnownFileType = sourcecode.swift; path = APIKey.swift; sourceTree = "<group>"; };
		2792F13E2C13460E000408D4 /* MovieViewController.swift */ = {isa = PBXFileReference; lastKnownFileType = sourcecode.swift; path = MovieViewController.swift; sourceTree = "<group>"; };
/* End PBXFileReference section */

/* Begin PBXFrameworksBuildPhase section */
		2792F1152C11A696000408D4 /* Frameworks */ = {
			isa = PBXFrameworksBuildPhase;
			buildActionMask = 2147483647;
			files = (
				2792F1362C11AD5B000408D4 /* SnapKit in Frameworks */,
				2792F1392C11AD69000408D4 /* Alamofire in Frameworks */,
			);
			runOnlyForDeploymentPostprocessing = 0;
		};
/* End PBXFrameworksBuildPhase section */

/* Begin PBXGroup section */
		2792F10F2C11A696000408D4 = {
			isa = PBXGroup;
			children = (
				2792F1322C11A90C000408D4 /* .gitignore */,
				2792F11A2C11A696000408D4 /* OpenAPI-Practice */,
				2792F1192C11A696000408D4 /* Products */,
			);
			sourceTree = "<group>";
		};
		2792F1192C11A696000408D4 /* Products */ = {
			isa = PBXGroup;
			children = (
				2792F1182C11A696000408D4 /* OpenAPI-Practice.app */,
			);
			name = Products;
			sourceTree = "<group>";
		};
		2792F11A2C11A696000408D4 /* OpenAPI-Practice */ = {
			isa = PBXGroup;
			children = (
				2792F13D2C1345D3000408D4 /* Movie */,
				2792F12F2C11A812000408D4 /* Lotto */,
				2792F11B2C11A696000408D4 /* AppDelegate.swift */,
				2792F11D2C11A696000408D4 /* SceneDelegate.swift */,
				2792F11F2C11A696000408D4 /* ViewController.swift */,
				2792F1242C11A697000408D4 /* Assets.xcassets */,
				2792F1262C11A697000408D4 /* LaunchScreen.storyboard */,
				2792F1292C11A697000408D4 /* Info.plist */,
				2792F13A2C1300CE000408D4 /* APIKey.swift */,
			);
			path = "OpenAPI-Practice";
			sourceTree = "<group>";
		};
		2792F12F2C11A812000408D4 /* Lotto */ = {
			isa = PBXGroup;
			children = (
				2792F1302C11A83E000408D4 /* LottoViewController.swift */,
			);
			path = Lotto;
			sourceTree = "<group>";
		};
		2792F13D2C1345D3000408D4 /* Movie */ = {
			isa = PBXGroup;
			children = (
				2792F13E2C13460E000408D4 /* MovieViewController.swift */,
			);
			path = Movie;
			sourceTree = "<group>";
		};
/* End PBXGroup section */

/* Begin PBXNativeTarget section */
		2792F1172C11A696000408D4 /* OpenAPI-Practice */ = {
			isa = PBXNativeTarget;
			buildConfigurationList = 2792F12C2C11A697000408D4 /* Build configuration list for PBXNativeTarget "OpenAPI-Practice" */;
			buildPhases = (
				2792F1142C11A696000408D4 /* Sources */,
				2792F1152C11A696000408D4 /* Frameworks */,
				2792F1162C11A696000408D4 /* Resources */,
			);
			buildRules = (
			);
			dependencies = (
			);
			name = "OpenAPI-Practice";
			packageProductDependencies = (
				2792F1352C11AD5B000408D4 /* SnapKit */,
				2792F1382C11AD69000408D4 /* Alamofire */,
			);
			productName = "OpenAPI-Practice";
			productReference = 2792F1182C11A696000408D4 /* OpenAPI-Practice.app */;
			productType = "com.apple.product-type.application";
		};
/* End PBXNativeTarget section */

/* Begin PBXProject section */
		2792F1102C11A696000408D4 /* Project object */ = {
			isa = PBXProject;
			attributes = {
				BuildIndependentTargetsInParallel = 1;
				LastSwiftUpdateCheck = 1540;
				LastUpgradeCheck = 1540;
				TargetAttributes = {
					2792F1172C11A696000408D4 = {
						CreatedOnToolsVersion = 15.4;
					};
				};
			};
			buildConfigurationList = 2792F1132C11A696000408D4 /* Build configuration list for PBXProject "OpenAPI-Practice" */;
			compatibilityVersion = "Xcode 14.0";
			developmentRegion = en;
			hasScannedForEncodings = 0;
			knownRegions = (
				en,
				Base,
			);
			mainGroup = 2792F10F2C11A696000408D4;
			packageReferences = (
				2792F1342C11AD5B000408D4 /* XCRemoteSwiftPackageReference "SnapKit" */,
				2792F1372C11AD69000408D4 /* XCRemoteSwiftPackageReference "Alamofire" */,
			);
			productRefGroup = 2792F1192C11A696000408D4 /* Products */;
			projectDirPath = "";
			projectRoot = "";
			targets = (
				2792F1172C11A696000408D4 /* OpenAPI-Practice */,
			);
		};
/* End PBXProject section */

/* Begin PBXResourcesBuildPhase section */
		2792F1162C11A696000408D4 /* Resources */ = {
			isa = PBXResourcesBuildPhase;
			buildActionMask = 2147483647;
			files = (
				2792F1252C11A697000408D4 /* Assets.xcassets in Resources */,
				2792F1332C11A90C000408D4 /* .gitignore in Resources */,
				2792F1282C11A697000408D4 /* Base in Resources */,
			);
			runOnlyForDeploymentPostprocessing = 0;
		};
/* End PBXResourcesBuildPhase section */

/* Begin PBXSourcesBuildPhase section */
		2792F1142C11A696000408D4 /* Sources */ = {
			isa = PBXSourcesBuildPhase;
			buildActionMask = 2147483647;
			files = (
				2792F1202C11A696000408D4 /* ViewController.swift in Sources */,
				2792F1312C11A83E000408D4 /* LottoViewController.swift in Sources */,
				2792F11C2C11A696000408D4 /* AppDelegate.swift in Sources */,
				2792F11E2C11A696000408D4 /* SceneDelegate.swift in Sources */,
				2792F13B2C1300CE000408D4 /* APIKey.swift in Sources */,
				2792F13F2C13460E000408D4 /* MovieViewController.swift in Sources */,
			);
			runOnlyForDeploymentPostprocessing = 0;
		};
/* End PBXSourcesBuildPhase section */

/* Begin PBXVariantGroup section */
		2792F1262C11A697000408D4 /* LaunchScreen.storyboard */ = {
			isa = PBXVariantGroup;
			children = (
				2792F1272C11A697000408D4 /* Base */,
			);
			name = LaunchScreen.storyboard;
			sourceTree = "<group>";
		};
/* End PBXVariantGroup section */

/* Begin XCBuildConfiguration section */
		2792F12A2C11A697000408D4 /* Debug */ = {
			isa = XCBuildConfiguration;
			buildSettings = {
				ALWAYS_SEARCH_USER_PATHS = NO;
				ASSETCATALOG_COMPILER_GENERATE_SWIFT_ASSET_SYMBOL_EXTENSIONS = YES;
				CLANG_ANALYZER_NONNULL = YES;
				CLANG_ANALYZER_NUMBER_OBJECT_CONVERSION = YES_AGGRESSIVE;
				CLANG_CXX_LANGUAGE_STANDARD = "gnu++20";
				CLANG_ENABLE_MODULES = YES;
				CLANG_ENABLE_OBJC_ARC = YES;
				CLANG_ENABLE_OBJC_WEAK = YES;
				CLANG_WARN_BLOCK_CAPTURE_AUTORELEASING = YES;
				CLANG_WARN_BOOL_CONVERSION = YES;
				CLANG_WARN_COMMA = YES;
				CLANG_WARN_CONSTANT_CONVERSION = YES;
				CLANG_WARN_DEPRECATED_OBJC_IMPLEMENTATIONS = YES;
				CLANG_WARN_DIRECT_OBJC_ISA_USAGE = YES_ERROR;
				CLANG_WARN_DOCUMENTATION_COMMENTS = YES;
				CLANG_WARN_EMPTY_BODY = YES;
				CLANG_WARN_ENUM_CONVERSION = YES;
				CLANG_WARN_INFINITE_RECURSION = YES;
				CLANG_WARN_INT_CONVERSION = YES;
				CLANG_WARN_NON_LITERAL_NULL_CONVERSION = YES;
				CLANG_WARN_OBJC_IMPLICIT_RETAIN_SELF = YES;
				CLANG_WARN_OBJC_LITERAL_CONVERSION = YES;
				CLANG_WARN_OBJC_ROOT_CLASS = YES_ERROR;
				CLANG_WARN_QUOTED_INCLUDE_IN_FRAMEWORK_HEADER = YES;
				CLANG_WARN_RANGE_LOOP_ANALYSIS = YES;
				CLANG_WARN_STRICT_PROTOTYPES = YES;
				CLANG_WARN_SUSPICIOUS_MOVE = YES;
				CLANG_WARN_UNGUARDED_AVAILABILITY = YES_AGGRESSIVE;
				CLANG_WARN_UNREACHABLE_CODE = YES;
				CLANG_WARN__DUPLICATE_METHOD_MATCH = YES;
				COPY_PHASE_STRIP = NO;
				DEBUG_INFORMATION_FORMAT = dwarf;
				ENABLE_STRICT_OBJC_MSGSEND = YES;
				ENABLE_TESTABILITY = YES;
				ENABLE_USER_SCRIPT_SANDBOXING = YES;
				GCC_C_LANGUAGE_STANDARD = gnu17;
				GCC_DYNAMIC_NO_PIC = NO;
				GCC_NO_COMMON_BLOCKS = YES;
				GCC_OPTIMIZATION_LEVEL = 0;
				GCC_PREPROCESSOR_DEFINITIONS = (
					"DEBUG=1",
					"$(inherited)",
				);
				GCC_WARN_64_TO_32_BIT_CONVERSION = YES;
				GCC_WARN_ABOUT_RETURN_TYPE = YES_ERROR;
				GCC_WARN_UNDECLARED_SELECTOR = YES;
				GCC_WARN_UNINITIALIZED_AUTOS = YES_AGGRESSIVE;
				GCC_WARN_UNUSED_FUNCTION = YES;
				GCC_WARN_UNUSED_VARIABLE = YES;
				IPHONEOS_DEPLOYMENT_TARGET = 17.5;
				LOCALIZATION_PREFERS_STRING_CATALOGS = YES;
				MTL_ENABLE_DEBUG_INFO = INCLUDE_SOURCE;
				MTL_FAST_MATH = YES;
				ONLY_ACTIVE_ARCH = YES;
				SDKROOT = iphoneos;
				SWIFT_ACTIVE_COMPILATION_CONDITIONS = "DEBUG $(inherited)";
				SWIFT_OPTIMIZATION_LEVEL = "-Onone";
			};
			name = Debug;
		};
		2792F12B2C11A697000408D4 /* Release */ = {
			isa = XCBuildConfiguration;
			buildSettings = {
				ALWAYS_SEARCH_USER_PATHS = NO;
				ASSETCATALOG_COMPILER_GENERATE_SWIFT_ASSET_SYMBOL_EXTENSIONS = YES;
				CLANG_ANALYZER_NONNULL = YES;
				CLANG_ANALYZER_NUMBER_OBJECT_CONVERSION = YES_AGGRESSIVE;
				CLANG_CXX_LANGUAGE_STANDARD = "gnu++20";
				CLANG_ENABLE_MODULES = YES;
				CLANG_ENABLE_OBJC_ARC = YES;
				CLANG_ENABLE_OBJC_WEAK = YES;
				CLANG_WARN_BLOCK_CAPTURE_AUTORELEASING = YES;
				CLANG_WARN_BOOL_CONVERSION = YES;
				CLANG_WARN_COMMA = YES;
				CLANG_WARN_CONSTANT_CONVERSION = YES;
				CLANG_WARN_DEPRECATED_OBJC_IMPLEMENTATIONS = YES;
				CLANG_WARN_DIRECT_OBJC_ISA_USAGE = YES_ERROR;
				CLANG_WARN_DOCUMENTATION_COMMENTS = YES;
				CLANG_WARN_EMPTY_BODY = YES;
				CLANG_WARN_ENUM_CONVERSION = YES;
				CLANG_WARN_INFINITE_RECURSION = YES;
				CLANG_WARN_INT_CONVERSION = YES;
				CLANG_WARN_NON_LITERAL_NULL_CONVERSION = YES;
				CLANG_WARN_OBJC_IMPLICIT_RETAIN_SELF = YES;
				CLANG_WARN_OBJC_LITERAL_CONVERSION = YES;
				CLANG_WARN_OBJC_ROOT_CLASS = YES_ERROR;
				CLANG_WARN_QUOTED_INCLUDE_IN_FRAMEWORK_HEADER = YES;
				CLANG_WARN_RANGE_LOOP_ANALYSIS = YES;
				CLANG_WARN_STRICT_PROTOTYPES = YES;
				CLANG_WARN_SUSPICIOUS_MOVE = YES;
				CLANG_WARN_UNGUARDED_AVAILABILITY = YES_AGGRESSIVE;
				CLANG_WARN_UNREACHABLE_CODE = YES;
				CLANG_WARN__DUPLICATE_METHOD_MATCH = YES;
				COPY_PHASE_STRIP = NO;
				DEBUG_INFORMATION_FORMAT = "dwarf-with-dsym";
				ENABLE_NS_ASSERTIONS = NO;
				ENABLE_STRICT_OBJC_MSGSEND = YES;
				ENABLE_USER_SCRIPT_SANDBOXING = YES;
				GCC_C_LANGUAGE_STANDARD = gnu17;
				GCC_NO_COMMON_BLOCKS = YES;
				GCC_WARN_64_TO_32_BIT_CONVERSION = YES;
				GCC_WARN_ABOUT_RETURN_TYPE = YES_ERROR;
				GCC_WARN_UNDECLARED_SELECTOR = YES;
				GCC_WARN_UNINITIALIZED_AUTOS = YES_AGGRESSIVE;
				GCC_WARN_UNUSED_FUNCTION = YES;
				GCC_WARN_UNUSED_VARIABLE = YES;
				IPHONEOS_DEPLOYMENT_TARGET = 17.5;
				LOCALIZATION_PREFERS_STRING_CATALOGS = YES;
				MTL_ENABLE_DEBUG_INFO = NO;
				MTL_FAST_MATH = YES;
				SDKROOT = iphoneos;
				SWIFT_COMPILATION_MODE = wholemodule;
				VALIDATE_PRODUCT = YES;
			};
			name = Release;
		};
		2792F12D2C11A697000408D4 /* Debug */ = {
			isa = XCBuildConfiguration;
			buildSettings = {
				ASSETCATALOG_COMPILER_APPICON_NAME = AppIcon;
				ASSETCATALOG_COMPILER_GLOBAL_ACCENT_COLOR_NAME = AccentColor;
				CODE_SIGN_STYLE = Automatic;
				CURRENT_PROJECT_VERSION = 1;
				DEVELOPMENT_TEAM = YAZ6T34227;
				GENERATE_INFOPLIST_FILE = YES;
				INFOPLIST_FILE = "OpenAPI-Practice/Info.plist";
				INFOPLIST_KEY_UIApplicationSupportsIndirectInputEvents = YES;
				INFOPLIST_KEY_UILaunchStoryboardName = LaunchScreen;
				INFOPLIST_KEY_UISupportedInterfaceOrientations = UIInterfaceOrientationPortrait;
				INFOPLIST_KEY_UISupportedInterfaceOrientations_iPad = "UIInterfaceOrientationLandscapeLeft UIInterfaceOrientationLandscapeRight UIInterfaceOrientationPortrait UIInterfaceOrientationPortraitUpsideDown";
				IPHONEOS_DEPLOYMENT_TARGET = 17.0;
				LD_RUNPATH_SEARCH_PATHS = (
					"$(inherited)",
					"@executable_path/Frameworks",
				);
				MARKETING_VERSION = 1.0;
				PRODUCT_BUNDLE_IDENTIFIER = "hwanghye.OpenAPI-Practice";
				PRODUCT_NAME = "$(TARGET_NAME)";
				SUPPORTED_PLATFORMS = "iphoneos iphonesimulator";
				SUPPORTS_MACCATALYST = NO;
				SUPPORTS_MAC_DESIGNED_FOR_IPHONE_IPAD = NO;
				SUPPORTS_XR_DESIGNED_FOR_IPHONE_IPAD = NO;
				SWIFT_EMIT_LOC_STRINGS = YES;
				SWIFT_VERSION = 5.0;
				TARGETED_DEVICE_FAMILY = 1;
			};
			name = Debug;
		};
		2792F12E2C11A697000408D4 /* Release */ = {
			isa = XCBuildConfiguration;
			buildSettings = {
				ASSETCATALOG_COMPILER_APPICON_NAME = AppIcon;
				ASSETCATALOG_COMPILER_GLOBAL_ACCENT_COLOR_NAME = AccentColor;
				CODE_SIGN_STYLE = Automatic;
				CURRENT_PROJECT_VERSION = 1;
				DEVELOPMENT_TEAM = YAZ6T34227;
				GENERATE_INFOPLIST_FILE = YES;
				INFOPLIST_FILE = "OpenAPI-Practice/Info.plist";
				INFOPLIST_KEY_UIApplicationSupportsIndirectInputEvents = YES;
				INFOPLIST_KEY_UILaunchStoryboardName = LaunchScreen;
				INFOPLIST_KEY_UISupportedInterfaceOrientations = UIInterfaceOrientationPortrait;
				INFOPLIST_KEY_UISupportedInterfaceOrientations_iPad = "UIInterfaceOrientationLandscapeLeft UIInterfaceOrientationLandscapeRight UIInterfaceOrientationPortrait UIInterfaceOrientationPortraitUpsideDown";
				IPHONEOS_DEPLOYMENT_TARGET = 17.0;
				LD_RUNPATH_SEARCH_PATHS = (
					"$(inherited)",
					"@executable_path/Frameworks",
				);
				MARKETING_VERSION = 1.0;
				PRODUCT_BUNDLE_IDENTIFIER = "hwanghye.OpenAPI-Practice";
				PRODUCT_NAME = "$(TARGET_NAME)";
				SUPPORTED_PLATFORMS = "iphoneos iphonesimulator";
				SUPPORTS_MACCATALYST = NO;
				SUPPORTS_MAC_DESIGNED_FOR_IPHONE_IPAD = NO;
				SUPPORTS_XR_DESIGNED_FOR_IPHONE_IPAD = NO;
				SWIFT_EMIT_LOC_STRINGS = YES;
				SWIFT_VERSION = 5.0;
				TARGETED_DEVICE_FAMILY = 1;
			};
			name = Release;
		};
/* End XCBuildConfiguration section */

/* Begin XCConfigurationList section */
		2792F1132C11A696000408D4 /* Build configuration list for PBXProject "OpenAPI-Practice" */ = {
			isa = XCConfigurationList;
			buildConfigurations = (
				2792F12A2C11A697000408D4 /* Debug */,
				2792F12B2C11A697000408D4 /* Release */,
			);
			defaultConfigurationIsVisible = 0;
			defaultConfigurationName = Release;
		};
		2792F12C2C11A697000408D4 /* Build configuration list for PBXNativeTarget "OpenAPI-Practice" */ = {
			isa = XCConfigurationList;
			buildConfigurations = (
				2792F12D2C11A697000408D4 /* Debug */,
				2792F12E2C11A697000408D4 /* Release */,
			);
			defaultConfigurationIsVisible = 0;
			defaultConfigurationName = Release;
		};
/* End XCConfigurationList section */

/* Begin XCRemoteSwiftPackageReference section */
		2792F1342C11AD5B000408D4 /* XCRemoteSwiftPackageReference "SnapKit" */ = {
			isa = XCRemoteSwiftPackageReference;
			repositoryURL = "https://github.com/SnapKit/SnapKit.git";
			requirement = {
				kind = upToNextMajorVersion;
				minimumVersion = 5.7.1;
			};
		};
		2792F1372C11AD69000408D4 /* XCRemoteSwiftPackageReference "Alamofire" */ = {
			isa = XCRemoteSwiftPackageReference;
			repositoryURL = "https://github.com/Alamofire/Alamofire.git";
			requirement = {
				kind = upToNextMajorVersion;
				minimumVersion = 5.9.1;
			};
		};
/* End XCRemoteSwiftPackageReference section */

/* Begin XCSwiftPackageProductDependency section */
		2792F1352C11AD5B000408D4 /* SnapKit */ = {
			isa = XCSwiftPackageProductDependency;
			package = 2792F1342C11AD5B000408D4 /* XCRemoteSwiftPackageReference "SnapKit" */;
			productName = SnapKit;
		};
		2792F1382C11AD69000408D4 /* Alamofire */ = {
			isa = XCSwiftPackageProductDependency;
			package = 2792F1372C11AD69000408D4 /* XCRemoteSwiftPackageReference "Alamofire" */;
			productName = Alamofire;
		};
/* End XCSwiftPackageProductDependency section */
	};
	rootObject = 2792F1102C11A696000408D4 /* Project object */;
}
