// !$*UTF8*$!
{
	archiveVersion = 1;
	classes = {
	};
	objectVersion = 56;
	objects = {

/* Begin PBXBuildFile section */
		274CCA702BFA2EEC00D0E8CB /* NewwordViewController.swift in Sources */ = {isa = PBXBuildFile; fileRef = 274CCA6F2BFA2EEC00D0E8CB /* NewwordViewController.swift */; };
		FB70E3142BF8EDCE006BBECE /* AppDelegate.swift in Sources */ = {isa = PBXBuildFile; fileRef = FB70E3132BF8EDCE006BBECE /* AppDelegate.swift */; };
		FB70E3162BF8EDCE006BBECE /* SceneDelegate.swift in Sources */ = {isa = PBXBuildFile; fileRef = FB70E3152BF8EDCE006BBECE /* SceneDelegate.swift */; };
		FB70E3182BF8EDCE006BBECE /* ViewController.swift in Sources */ = {isa = PBXBuildFile; fileRef = FB70E3172BF8EDCE006BBECE /* ViewController.swift */; };
		FB70E31B2BF8EDCE006BBECE /* Base in Resources */ = {isa = PBXBuildFile; fileRef = FB70E31A2BF8EDCE006BBECE /* Base */; };
		FB70E31D2BF8EDD1006BBECE /* Assets.xcassets in Resources */ = {isa = PBXBuildFile; fileRef = FB70E31C2BF8EDD1006BBECE /* Assets.xcassets */; };
		FB70E3202BF8EDD1006BBECE /* Base in Resources */ = {isa = PBXBuildFile; fileRef = FB70E31F2BF8EDD1006BBECE /* Base */; };
		FB70E32B2BF8F507006BBECE /* EmotionDiaryViewController.swift in Sources */ = {isa = PBXBuildFile; fileRef = FB70E32A2BF8F507006BBECE /* EmotionDiaryViewController.swift */; };
/* End PBXBuildFile section */

/* Begin PBXFileReference section */
		274CCA6F2BFA2EEC00D0E8CB /* NewwordViewController.swift */ = {isa = PBXFileReference; lastKnownFileType = sourcecode.swift; path = NewwordViewController.swift; sourceTree = "<group>"; };
		FB70E3102BF8EDCE006BBECE /* EmotionDiaryAndNewWord.app */ = {isa = PBXFileReference; explicitFileType = wrapper.application; includeInIndex = 0; path = EmotionDiaryAndNewWord.app; sourceTree = BUILT_PRODUCTS_DIR; };
		FB70E3132BF8EDCE006BBECE /* AppDelegate.swift */ = {isa = PBXFileReference; lastKnownFileType = sourcecode.swift; path = AppDelegate.swift; sourceTree = "<group>"; };
		FB70E3152BF8EDCE006BBECE /* SceneDelegate.swift */ = {isa = PBXFileReference; lastKnownFileType = sourcecode.swift; path = SceneDelegate.swift; sourceTree = "<group>"; };
		FB70E3172BF8EDCE006BBECE /* ViewController.swift */ = {isa = PBXFileReference; lastKnownFileType = sourcecode.swift; path = ViewController.swift; sourceTree = "<group>"; };
		FB70E31A2BF8EDCE006BBECE /* Base */ = {isa = PBXFileReference; lastKnownFileType = file.storyboard; name = Base; path = Base.lproj/Main.storyboard; sourceTree = "<group>"; };
		FB70E31C2BF8EDD1006BBECE /* Assets.xcassets */ = {isa = PBXFileReference; lastKnownFileType = folder.assetcatalog; path = Assets.xcassets; sourceTree = "<group>"; };
		FB70E31F2BF8EDD1006BBECE /* Base */ = {isa = PBXFileReference; lastKnownFileType = file.storyboard; name = Base; path = Base.lproj/LaunchScreen.storyboard; sourceTree = "<group>"; };
		FB70E3212BF8EDD1006BBECE /* Info.plist */ = {isa = PBXFileReference; lastKnownFileType = text.plist.xml; path = Info.plist; sourceTree = "<group>"; };
		FB70E32A2BF8F507006BBECE /* EmotionDiaryViewController.swift */ = {isa = PBXFileReference; lastKnownFileType = sourcecode.swift; path = EmotionDiaryViewController.swift; sourceTree = "<group>"; };
/* End PBXFileReference section */

/* Begin PBXFrameworksBuildPhase section */
		FB70E30D2BF8EDCE006BBECE /* Frameworks */ = {
			isa = PBXFrameworksBuildPhase;
			buildActionMask = 2147483647;
			files = (
			);
			runOnlyForDeploymentPostprocessing = 0;
		};
/* End PBXFrameworksBuildPhase section */

/* Begin PBXGroup section */
		274CCA6E2BFA2EA400D0E8CB /* NewwordSearcher */ = {
			isa = PBXGroup;
			children = (
				274CCA6F2BFA2EEC00D0E8CB /* NewwordViewController.swift */,
			);
			path = NewwordSearcher;
			sourceTree = "<group>";
		};
		FB70E3072BF8EDCE006BBECE = {
			isa = PBXGroup;
			children = (
				FB70E3122BF8EDCE006BBECE /* 0518-EmotionDiary */,
				FB70E3112BF8EDCE006BBECE /* Products */,
			);
			sourceTree = "<group>";
		};
		FB70E3112BF8EDCE006BBECE /* Products */ = {
			isa = PBXGroup;
			children = (
				FB70E3102BF8EDCE006BBECE /* EmotionDiaryAndNewWord.app */,
			);
			name = Products;
			sourceTree = "<group>";
		};
		FB70E3122BF8EDCE006BBECE /* 0518-EmotionDiary */ = {
			isa = PBXGroup;
			children = (
				274CCA6E2BFA2EA400D0E8CB /* NewwordSearcher */,
				FB70E3292BF8F2B4006BBECE /* EmotionDiary */,
				FB70E3132BF8EDCE006BBECE /* AppDelegate.swift */,
				FB70E3152BF8EDCE006BBECE /* SceneDelegate.swift */,
				FB70E3172BF8EDCE006BBECE /* ViewController.swift */,
				FB70E3192BF8EDCE006BBECE /* Main.storyboard */,
				FB70E31C2BF8EDD1006BBECE /* Assets.xcassets */,
				FB70E31E2BF8EDD1006BBECE /* LaunchScreen.storyboard */,
				FB70E3212BF8EDD1006BBECE /* Info.plist */,
			);
			path = "0518-EmotionDiary";
			sourceTree = "<group>";
		};
		FB70E3292BF8F2B4006BBECE /* EmotionDiary */ = {
			isa = PBXGroup;
			children = (
				FB70E32A2BF8F507006BBECE /* EmotionDiaryViewController.swift */,
			);
			path = EmotionDiary;
			sourceTree = "<group>";
		};
/* End PBXGroup section */

/* Begin PBXNativeTarget section */
		FB70E30F2BF8EDCE006BBECE /* EmotionDiaryAndNewWord */ = {
			isa = PBXNativeTarget;
			buildConfigurationList = FB70E3242BF8EDD1006BBECE /* Build configuration list for PBXNativeTarget "EmotionDiaryAndNewWord" */;
			buildPhases = (
				FB70E30C2BF8EDCE006BBECE /* Sources */,
				FB70E30D2BF8EDCE006BBECE /* Frameworks */,
				FB70E30E2BF8EDCE006BBECE /* Resources */,
			);
			buildRules = (
			);
			dependencies = (
			);
			name = EmotionDiaryAndNewWord;
			productName = "0518-EmotionDiary";
			productReference = FB70E3102BF8EDCE006BBECE /* EmotionDiaryAndNewWord.app */;
			productType = "com.apple.product-type.application";
		};
/* End PBXNativeTarget section */

/* Begin PBXProject section */
		FB70E3082BF8EDCE006BBECE /* Project object */ = {
			isa = PBXProject;
			attributes = {
				BuildIndependentTargetsInParallel = 1;
				LastSwiftUpdateCheck = 1530;
				LastUpgradeCheck = 1530;
				TargetAttributes = {
					FB70E30F2BF8EDCE006BBECE = {
						CreatedOnToolsVersion = 15.3;
					};
				};
			};
			buildConfigurationList = FB70E30B2BF8EDCE006BBECE /* Build configuration list for PBXProject "EmotionDiaryAndNewWord" */;
			compatibilityVersion = "Xcode 14.0";
			developmentRegion = en;
			hasScannedForEncodings = 0;
			knownRegions = (
				en,
				Base,
			);
			mainGroup = FB70E3072BF8EDCE006BBECE;
			productRefGroup = FB70E3112BF8EDCE006BBECE /* Products */;
			projectDirPath = "";
			projectRoot = "";
			targets = (
				FB70E30F2BF8EDCE006BBECE /* EmotionDiaryAndNewWord */,
			);
		};
/* End PBXProject section */

/* Begin PBXResourcesBuildPhase section */
		FB70E30E2BF8EDCE006BBECE /* Resources */ = {
			isa = PBXResourcesBuildPhase;
			buildActionMask = 2147483647;
			files = (
				FB70E31D2BF8EDD1006BBECE /* Assets.xcassets in Resources */,
				FB70E3202BF8EDD1006BBECE /* Base in Resources */,
				FB70E31B2BF8EDCE006BBECE /* Base in Resources */,
			);
			runOnlyForDeploymentPostprocessing = 0;
		};
/* End PBXResourcesBuildPhase section */

/* Begin PBXSourcesBuildPhase section */
		FB70E30C2BF8EDCE006BBECE /* Sources */ = {
			isa = PBXSourcesBuildPhase;
			buildActionMask = 2147483647;
			files = (
				FB70E32B2BF8F507006BBECE /* EmotionDiaryViewController.swift in Sources */,
				FB70E3182BF8EDCE006BBECE /* ViewController.swift in Sources */,
				274CCA702BFA2EEC00D0E8CB /* NewwordViewController.swift in Sources */,
				FB70E3142BF8EDCE006BBECE /* AppDelegate.swift in Sources */,
				FB70E3162BF8EDCE006BBECE /* SceneDelegate.swift in Sources */,
			);
			runOnlyForDeploymentPostprocessing = 0;
		};
/* End PBXSourcesBuildPhase section */

/* Begin PBXVariantGroup section */
		FB70E3192BF8EDCE006BBECE /* Main.storyboard */ = {
			isa = PBXVariantGroup;
			children = (
				FB70E31A2BF8EDCE006BBECE /* Base */,
			);
			name = Main.storyboard;
			sourceTree = "<group>";
		};
		FB70E31E2BF8EDD1006BBECE /* LaunchScreen.storyboard */ = {
			isa = PBXVariantGroup;
			children = (
				FB70E31F2BF8EDD1006BBECE /* Base */,
			);
			name = LaunchScreen.storyboard;
			sourceTree = "<group>";
		};
/* End PBXVariantGroup section */

/* Begin XCBuildConfiguration section */
		FB70E3222BF8EDD1006BBECE /* Debug */ = {
			isa = XCBuildConfiguration;
			buildSettings = {
				ALWAYS_SEARCH_USER_PATHS = NO;
				ASSETCATALOG_COMPILER_GENERATE_SWIFT_ASSET_SYMBOL_EXTENSIONS = YES;
				CLANG_ANALYZER_NONNULL = YES;
				CLANG_ANALYZER_NUMBER_OBJECT_CONVERSION = YES_AGGRESSIVE;
				CLANG_CXX_LANGUAGE_STANDARD = "gnu++20";
				CLANG_ENABLE_MODULES = YES;
				CLANG_ENABLE_OBJC_ARC = YES;
				CLANG_ENABLE_OBJC_WEAK = YES;
				CLANG_WARN_BLOCK_CAPTURE_AUTORELEASING = YES;
				CLANG_WARN_BOOL_CONVERSION = YES;
				CLANG_WARN_COMMA = YES;
				CLANG_WARN_CONSTANT_CONVERSION = YES;
				CLANG_WARN_DEPRECATED_OBJC_IMPLEMENTATIONS = YES;
				CLANG_WARN_DIRECT_OBJC_ISA_USAGE = YES_ERROR;
				CLANG_WARN_DOCUMENTATION_COMMENTS = YES;
				CLANG_WARN_EMPTY_BODY = YES;
				CLANG_WARN_ENUM_CONVERSION = YES;
				CLANG_WARN_INFINITE_RECURSION = YES;
				CLANG_WARN_INT_CONVERSION = YES;
				CLANG_WARN_NON_LITERAL_NULL_CONVERSION = YES;
				CLANG_WARN_OBJC_IMPLICIT_RETAIN_SELF = YES;
				CLANG_WARN_OBJC_LITERAL_CONVERSION = YES;
				CLANG_WARN_OBJC_ROOT_CLASS = YES_ERROR;
				CLANG_WARN_QUOTED_INCLUDE_IN_FRAMEWORK_HEADER = YES;
				CLANG_WARN_RANGE_LOOP_ANALYSIS = YES;
				CLANG_WARN_STRICT_PROTOTYPES = YES;
				CLANG_WARN_SUSPICIOUS_MOVE = YES;
				CLANG_WARN_UNGUARDED_AVAILABILITY = YES_AGGRESSIVE;
				CLANG_WARN_UNREACHABLE_CODE = YES;
				CLANG_WARN__DUPLICATE_METHOD_MATCH = YES;
				COPY_PHASE_STRIP = NO;
				DEBUG_INFORMATION_FORMAT = dwarf;
				ENABLE_STRICT_OBJC_MSGSEND = YES;
				ENABLE_TESTABILITY = YES;
				ENABLE_USER_SCRIPT_SANDBOXING = YES;
				GCC_C_LANGUAGE_STANDARD = gnu17;
				GCC_DYNAMIC_NO_PIC = NO;
				GCC_NO_COMMON_BLOCKS = YES;
				GCC_OPTIMIZATION_LEVEL = 0;
				GCC_PREPROCESSOR_DEFINITIONS = (
					"DEBUG=1",
					"$(inherited)",
				);
				GCC_WARN_64_TO_32_BIT_CONVERSION = YES;
				GCC_WARN_ABOUT_RETURN_TYPE = YES_ERROR;
				GCC_WARN_UNDECLARED_SELECTOR = YES;
				GCC_WARN_UNINITIALIZED_AUTOS = YES_AGGRESSIVE;
				GCC_WARN_UNUSED_FUNCTION = YES;
				GCC_WARN_UNUSED_VARIABLE = YES;
				IPHONEOS_DEPLOYMENT_TARGET = 17.4;
				LOCALIZATION_PREFERS_STRING_CATALOGS = YES;
				MTL_ENABLE_DEBUG_INFO = INCLUDE_SOURCE;
				MTL_FAST_MATH = YES;
				ONLY_ACTIVE_ARCH = YES;
				SDKROOT = iphoneos;
				SWIFT_ACTIVE_COMPILATION_CONDITIONS = "DEBUG $(inherited)";
				SWIFT_OPTIMIZATION_LEVEL = "-Onone";
			};
			name = Debug;
		};
		FB70E3232BF8EDD1006BBECE /* Release */ = {
			isa = XCBuildConfiguration;
			buildSettings = {
				ALWAYS_SEARCH_USER_PATHS = NO;
				ASSETCATALOG_COMPILER_GENERATE_SWIFT_ASSET_SYMBOL_EXTENSIONS = YES;
				CLANG_ANALYZER_NONNULL = YES;
				CLANG_ANALYZER_NUMBER_OBJECT_CONVERSION = YES_AGGRESSIVE;
				CLANG_CXX_LANGUAGE_STANDARD = "gnu++20";
				CLANG_ENABLE_MODULES = YES;
				CLANG_ENABLE_OBJC_ARC = YES;
				CLANG_ENABLE_OBJC_WEAK = YES;
				CLANG_WARN_BLOCK_CAPTURE_AUTORELEASING = YES;
				CLANG_WARN_BOOL_CONVERSION = YES;
				CLANG_WARN_COMMA = YES;
				CLANG_WARN_CONSTANT_CONVERSION = YES;
				CLANG_WARN_DEPRECATED_OBJC_IMPLEMENTATIONS = YES;
				CLANG_WARN_DIRECT_OBJC_ISA_USAGE = YES_ERROR;
				CLANG_WARN_DOCUMENTATION_COMMENTS = YES;
				CLANG_WARN_EMPTY_BODY = YES;
				CLANG_WARN_ENUM_CONVERSION = YES;
				CLANG_WARN_INFINITE_RECURSION = YES;
				CLANG_WARN_INT_CONVERSION = YES;
				CLANG_WARN_NON_LITERAL_NULL_CONVERSION = YES;
				CLANG_WARN_OBJC_IMPLICIT_RETAIN_SELF = YES;
				CLANG_WARN_OBJC_LITERAL_CONVERSION = YES;
				CLANG_WARN_OBJC_ROOT_CLASS = YES_ERROR;
				CLANG_WARN_QUOTED_INCLUDE_IN_FRAMEWORK_HEADER = YES;
				CLANG_WARN_RANGE_LOOP_ANALYSIS = YES;
				CLANG_WARN_STRICT_PROTOTYPES = YES;
				CLANG_WARN_SUSPICIOUS_MOVE = YES;
				CLANG_WARN_UNGUARDED_AVAILABILITY = YES_AGGRESSIVE;
				CLANG_WARN_UNREACHABLE_CODE = YES;
				CLANG_WARN__DUPLICATE_METHOD_MATCH = YES;
				COPY_PHASE_STRIP = NO;
				DEBUG_INFORMATION_FORMAT = "dwarf-with-dsym";
				ENABLE_NS_ASSERTIONS = NO;
				ENABLE_STRICT_OBJC_MSGSEND = YES;
				ENABLE_USER_SCRIPT_SANDBOXING = YES;
				GCC_C_LANGUAGE_STANDARD = gnu17;
				GCC_NO_COMMON_BLOCKS = YES;
				GCC_WARN_64_TO_32_BIT_CONVERSION = YES;
				GCC_WARN_ABOUT_RETURN_TYPE = YES_ERROR;
				GCC_WARN_UNDECLARED_SELECTOR = YES;
				GCC_WARN_UNINITIALIZED_AUTOS = YES_AGGRESSIVE;
				GCC_WARN_UNUSED_FUNCTION = YES;
				GCC_WARN_UNUSED_VARIABLE = YES;
				IPHONEOS_DEPLOYMENT_TARGET = 17.4;
				LOCALIZATION_PREFERS_STRING_CATALOGS = YES;
				MTL_ENABLE_DEBUG_INFO = NO;
				MTL_FAST_MATH = YES;
				SDKROOT = iphoneos;
				SWIFT_COMPILATION_MODE = wholemodule;
				VALIDATE_PRODUCT = YES;
			};
			name = Release;
		};
		FB70E3252BF8EDD1006BBECE /* Debug */ = {
			isa = XCBuildConfiguration;
			buildSettings = {
				ASSETCATALOG_COMPILER_APPICON_NAME = AppIcon;
				ASSETCATALOG_COMPILER_GLOBAL_ACCENT_COLOR_NAME = AccentColor;
				CODE_SIGN_STYLE = Automatic;
				CURRENT_PROJECT_VERSION = 1;
				DEVELOPMENT_TEAM = YAZ6T34227;
				GENERATE_INFOPLIST_FILE = YES;
				INFOPLIST_FILE = "0518-EmotionDiary/Info.plist";
				INFOPLIST_KEY_UIApplicationSupportsIndirectInputEvents = YES;
				INFOPLIST_KEY_UILaunchStoryboardName = LaunchScreen;
				INFOPLIST_KEY_UIMainStoryboardFile = Main;
				INFOPLIST_KEY_UIStatusBarStyle = "";
				INFOPLIST_KEY_UISupportedInterfaceOrientations_iPad = "UIInterfaceOrientationPortrait UIInterfaceOrientationPortraitUpsideDown UIInterfaceOrientationLandscapeLeft UIInterfaceOrientationLandscapeRight";
				INFOPLIST_KEY_UISupportedInterfaceOrientations_iPhone = "UIInterfaceOrientationPortrait UIInterfaceOrientationLandscapeLeft UIInterfaceOrientationLandscapeRight";
				LD_RUNPATH_SEARCH_PATHS = (
					"$(inherited)",
					"@executable_path/Frameworks",
				);
				MARKETING_VERSION = 1.0;
				PRODUCT_BUNDLE_IDENTIFIER = "hwanghye.-518-EmotionDiary";
				PRODUCT_NAME = "$(TARGET_NAME)";
				SUPPORTED_PLATFORMS = "iphoneos iphonesimulator";
				SUPPORTS_MACCATALYST = NO;
				SUPPORTS_MAC_DESIGNED_FOR_IPHONE_IPAD = NO;
				SUPPORTS_XR_DESIGNED_FOR_IPHONE_IPAD = NO;
				SWIFT_EMIT_LOC_STRINGS = YES;
				SWIFT_VERSION = 5.0;
				TARGETED_DEVICE_FAMILY = 1;
			};
			name = Debug;
		};
		FB70E3262BF8EDD1006BBECE /* Release */ = {
			isa = XCBuildConfiguration;
			buildSettings = {
				ASSETCATALOG_COMPILER_APPICON_NAME = AppIcon;
				ASSETCATALOG_COMPILER_GLOBAL_ACCENT_COLOR_NAME = AccentColor;
				CODE_SIGN_STYLE = Automatic;
				CURRENT_PROJECT_VERSION = 1;
				DEVELOPMENT_TEAM = YAZ6T34227;
				GENERATE_INFOPLIST_FILE = YES;
				INFOPLIST_FILE = "0518-EmotionDiary/Info.plist";
				INFOPLIST_KEY_UIApplicationSupportsIndirectInputEvents = YES;
				INFOPLIST_KEY_UILaunchStoryboardName = LaunchScreen;
				INFOPLIST_KEY_UIMainStoryboardFile = Main;
				INFOPLIST_KEY_UIStatusBarStyle = "";
				INFOPLIST_KEY_UISupportedInterfaceOrientations_iPad = "UIInterfaceOrientationPortrait UIInterfaceOrientationPortraitUpsideDown UIInterfaceOrientationLandscapeLeft UIInterfaceOrientationLandscapeRight";
				INFOPLIST_KEY_UISupportedInterfaceOrientations_iPhone = "UIInterfaceOrientationPortrait UIInterfaceOrientationLandscapeLeft UIInterfaceOrientationLandscapeRight";
				LD_RUNPATH_SEARCH_PATHS = (
					"$(inherited)",
					"@executable_path/Frameworks",
				);
				MARKETING_VERSION = 1.0;
				PRODUCT_BUNDLE_IDENTIFIER = "hwanghye.-518-EmotionDiary";
				PRODUCT_NAME = "$(TARGET_NAME)";
				SUPPORTED_PLATFORMS = "iphoneos iphonesimulator";
				SUPPORTS_MACCATALYST = NO;
				SUPPORTS_MAC_DESIGNED_FOR_IPHONE_IPAD = NO;
				SUPPORTS_XR_DESIGNED_FOR_IPHONE_IPAD = NO;
				SWIFT_EMIT_LOC_STRINGS = YES;
				SWIFT_VERSION = 5.0;
				TARGETED_DEVICE_FAMILY = 1;
			};
			name = Release;
		};
/* End XCBuildConfiguration section */

/* Begin XCConfigurationList section */
		FB70E30B2BF8EDCE006BBECE /* Build configuration list for PBXProject "EmotionDiaryAndNewWord" */ = {
			isa = XCConfigurationList;
			buildConfigurations = (
				FB70E3222BF8EDD1006BBECE /* Debug */,
				FB70E3232BF8EDD1006BBECE /* Release */,
			);
			defaultConfigurationIsVisible = 0;
			defaultConfigurationName = Release;
		};
		FB70E3242BF8EDD1006BBECE /* Build configuration list for PBXNativeTarget "EmotionDiaryAndNewWord" */ = {
			isa = XCConfigurationList;
			buildConfigurations = (
				FB70E3252BF8EDD1006BBECE /* Debug */,
				FB70E3262BF8EDD1006BBECE /* Release */,
			);
			defaultConfigurationIsVisible = 0;
			defaultConfigurationName = Release;
		};
/* End XCConfigurationList section */
	};
	rootObject = FB70E3082BF8EDCE006BBECE /* Project object */;
}
