// !$*UTF8*$!
{
	archiveVersion = 1;
	classes = {
	};
	objectVersion = 56;
	objects = {

/* Begin PBXBuildFile section */
		275BE99B2C16E6EA005FD265 /* AppDelegate.swift in Sources */ = {isa = PBXBuildFile; fileRef = 275BE99A2C16E6EA005FD265 /* AppDelegate.swift */; };
		275BE99D2C16E6EA005FD265 /* SceneDelegate.swift in Sources */ = {isa = PBXBuildFile; fileRef = 275BE99C2C16E6EA005FD265 /* SceneDelegate.swift */; };
		275BE99F2C16E6EA005FD265 /* ViewController.swift in Sources */ = {isa = PBXBuildFile; fileRef = 275BE99E2C16E6EA005FD265 /* ViewController.swift */; };
		275BE9A42C16E6EB005FD265 /* Assets.xcassets in Resources */ = {isa = PBXBuildFile; fileRef = 275BE9A32C16E6EB005FD265 /* Assets.xcassets */; };
		275BE9A72C16E6EB005FD265 /* Base in Resources */ = {isa = PBXBuildFile; fileRef = 275BE9A62C16E6EB005FD265 /* Base */; };
		275BE9AF2C16E84A005FD265 /* .gitignore in Resources */ = {isa = PBXBuildFile; fileRef = 275BE9AE2C16E84A005FD265 /* .gitignore */; };
		275BE9B22C16E8C2005FD265 /* Alamofire in Frameworks */ = {isa = PBXBuildFile; productRef = 275BE9B12C16E8C2005FD265 /* Alamofire */; };
		275BE9B52C16E8CC005FD265 /* Kingfisher in Frameworks */ = {isa = PBXBuildFile; productRef = 275BE9B42C16E8CC005FD265 /* Kingfisher */; };
		275BE9B82C16E8D8005FD265 /* SnapKit in Frameworks */ = {isa = PBXBuildFile; productRef = 275BE9B72C16E8D8005FD265 /* SnapKit */; };
		275BE9BA2C173BA4005FD265 /* APIKey.swift in Sources */ = {isa = PBXBuildFile; fileRef = 275BE9B92C173BA4005FD265 /* APIKey.swift */; };
		275BE9BD2C173F07005FD265 /* MainViewController.swift in Sources */ = {isa = PBXBuildFile; fileRef = 275BE9BC2C173F07005FD265 /* MainViewController.swift */; };
		275BE9C02C1757FD005FD265 /* MainTableViewCell.swift in Sources */ = {isa = PBXBuildFile; fileRef = 275BE9BF2C1757FD005FD265 /* MainTableViewCell.swift */; };
		27BB2E032C1841E00074820D /* Main.swift in Sources */ = {isa = PBXBuildFile; fileRef = 27BB2E022C1841E00074820D /* Main.swift */; };
/* End PBXBuildFile section */

/* Begin PBXFileReference section */
		275BE9972C16E6EA005FD265 /* Media.app */ = {isa = PBXFileReference; explicitFileType = wrapper.application; includeInIndex = 0; path = Media.app; sourceTree = BUILT_PRODUCTS_DIR; };
		275BE99A2C16E6EA005FD265 /* AppDelegate.swift */ = {isa = PBXFileReference; lastKnownFileType = sourcecode.swift; path = AppDelegate.swift; sourceTree = "<group>"; };
		275BE99C2C16E6EA005FD265 /* SceneDelegate.swift */ = {isa = PBXFileReference; lastKnownFileType = sourcecode.swift; path = SceneDelegate.swift; sourceTree = "<group>"; };
		275BE99E2C16E6EA005FD265 /* ViewController.swift */ = {isa = PBXFileReference; lastKnownFileType = sourcecode.swift; path = ViewController.swift; sourceTree = "<group>"; };
		275BE9A32C16E6EB005FD265 /* Assets.xcassets */ = {isa = PBXFileReference; lastKnownFileType = folder.assetcatalog; path = Assets.xcassets; sourceTree = "<group>"; };
		275BE9A62C16E6EB005FD265 /* Base */ = {isa = PBXFileReference; lastKnownFileType = file.storyboard; name = Base; path = Base.lproj/LaunchScreen.storyboard; sourceTree = "<group>"; };
		275BE9A82C16E6EB005FD265 /* Info.plist */ = {isa = PBXFileReference; lastKnownFileType = text.plist.xml; path = Info.plist; sourceTree = "<group>"; };
		275BE9AE2C16E84A005FD265 /* .gitignore */ = {isa = PBXFileReference; lastKnownFileType = text; path = .gitignore; sourceTree = "<group>"; };
		275BE9B92C173BA4005FD265 /* APIKey.swift */ = {isa = PBXFileReference; lastKnownFileType = sourcecode.swift; path = APIKey.swift; sourceTree = "<group>"; };
		275BE9BC2C173F07005FD265 /* MainViewController.swift */ = {isa = PBXFileReference; lastKnownFileType = sourcecode.swift; path = MainViewController.swift; sourceTree = "<group>"; };
		275BE9BF2C1757FD005FD265 /* MainTableViewCell.swift */ = {isa = PBXFileReference; lastKnownFileType = sourcecode.swift; path = MainTableViewCell.swift; sourceTree = "<group>"; };
		27BB2E022C1841E00074820D /* Main.swift */ = {isa = PBXFileReference; lastKnownFileType = sourcecode.swift; path = Main.swift; sourceTree = "<group>"; };
/* End PBXFileReference section */

/* Begin PBXFrameworksBuildPhase section */
		275BE9942C16E6EA005FD265 /* Frameworks */ = {
			isa = PBXFrameworksBuildPhase;
			buildActionMask = 2147483647;
			files = (
				275BE9B82C16E8D8005FD265 /* SnapKit in Frameworks */,
				275BE9B52C16E8CC005FD265 /* Kingfisher in Frameworks */,
				275BE9B22C16E8C2005FD265 /* Alamofire in Frameworks */,
			);
			runOnlyForDeploymentPostprocessing = 0;
		};
/* End PBXFrameworksBuildPhase section */

/* Begin PBXGroup section */
		275BE98E2C16E6E9005FD265 = {
			isa = PBXGroup;
			children = (
				27BB2E012C1841C40074820D /* Interface */,
				275BE9AE2C16E84A005FD265 /* .gitignore */,
				275BE9992C16E6EA005FD265 /* Media */,
				275BE9982C16E6EA005FD265 /* Products */,
			);
			sourceTree = "<group>";
		};
		275BE9982C16E6EA005FD265 /* Products */ = {
			isa = PBXGroup;
			children = (
				275BE9972C16E6EA005FD265 /* Media.app */,
			);
			name = Products;
			sourceTree = "<group>";
		};
		275BE9992C16E6EA005FD265 /* Media */ = {
			isa = PBXGroup;
			children = (
				275BE9BE2C1757EB005FD265 /* Cell */,
				275BE9BB2C173EF1005FD265 /* Main */,
				275BE99A2C16E6EA005FD265 /* AppDelegate.swift */,
				275BE99C2C16E6EA005FD265 /* SceneDelegate.swift */,
				275BE99E2C16E6EA005FD265 /* ViewController.swift */,
				275BE9A32C16E6EB005FD265 /* Assets.xcassets */,
				275BE9A52C16E6EB005FD265 /* LaunchScreen.storyboard */,
				275BE9A82C16E6EB005FD265 /* Info.plist */,
				275BE9B92C173BA4005FD265 /* APIKey.swift */,
			);
			path = Media;
			sourceTree = "<group>";
		};
		275BE9BB2C173EF1005FD265 /* Main */ = {
			isa = PBXGroup;
			children = (
				275BE9BC2C173F07005FD265 /* MainViewController.swift */,
			);
			path = Main;
			sourceTree = "<group>";
		};
		275BE9BE2C1757EB005FD265 /* Cell */ = {
			isa = PBXGroup;
			children = (
				275BE9BF2C1757FD005FD265 /* MainTableViewCell.swift */,
			);
			path = Cell;
			sourceTree = "<group>";
		};
		27BB2E012C1841C40074820D /* Interface */ = {
			isa = PBXGroup;
			children = (
				27BB2E022C1841E00074820D /* Main.swift */,
			);
			path = Interface;
			sourceTree = "<group>";
		};
/* End PBXGroup section */

/* Begin PBXNativeTarget section */
		275BE9962C16E6EA005FD265 /* Media */ = {
			isa = PBXNativeTarget;
			buildConfigurationList = 275BE9AB2C16E6EB005FD265 /* Build configuration list for PBXNativeTarget "Media" */;
			buildPhases = (
				275BE9932C16E6EA005FD265 /* Sources */,
				275BE9942C16E6EA005FD265 /* Frameworks */,
				275BE9952C16E6EA005FD265 /* Resources */,
			);
			buildRules = (
			);
			dependencies = (
			);
			name = Media;
			packageProductDependencies = (
				275BE9B12C16E8C2005FD265 /* Alamofire */,
				275BE9B42C16E8CC005FD265 /* Kingfisher */,
				275BE9B72C16E8D8005FD265 /* SnapKit */,
			);
			productName = Media;
			productReference = 275BE9972C16E6EA005FD265 /* Media.app */;
			productType = "com.apple.product-type.application";
		};
/* End PBXNativeTarget section */

/* Begin PBXProject section */
		275BE98F2C16E6E9005FD265 /* Project object */ = {
			isa = PBXProject;
			attributes = {
				BuildIndependentTargetsInParallel = 1;
				LastSwiftUpdateCheck = 1540;
				LastUpgradeCheck = 1540;
				TargetAttributes = {
					275BE9962C16E6EA005FD265 = {
						CreatedOnToolsVersion = 15.4;
					};
				};
			};
			buildConfigurationList = 275BE9922C16E6E9005FD265 /* Build configuration list for PBXProject "Media" */;
			compatibilityVersion = "Xcode 14.0";
			developmentRegion = en;
			hasScannedForEncodings = 0;
			knownRegions = (
				en,
				Base,
			);
			mainGroup = 275BE98E2C16E6E9005FD265;
			packageReferences = (
				275BE9B02C16E8C2005FD265 /* XCRemoteSwiftPackageReference "Alamofire" */,
				275BE9B32C16E8CC005FD265 /* XCRemoteSwiftPackageReference "Kingfisher" */,
				275BE9B62C16E8D8005FD265 /* XCRemoteSwiftPackageReference "SnapKit" */,
			);
			productRefGroup = 275BE9982C16E6EA005FD265 /* Products */;
			projectDirPath = "";
			projectRoot = "";
			targets = (
				275BE9962C16E6EA005FD265 /* Media */,
			);
		};
/* End PBXProject section */

/* Begin PBXResourcesBuildPhase section */
		275BE9952C16E6EA005FD265 /* Resources */ = {
			isa = PBXResourcesBuildPhase;
			buildActionMask = 2147483647;
			files = (
				275BE9A42C16E6EB005FD265 /* Assets.xcassets in Resources */,
				275BE9AF2C16E84A005FD265 /* .gitignore in Resources */,
				275BE9A72C16E6EB005FD265 /* Base in Resources */,
			);
			runOnlyForDeploymentPostprocessing = 0;
		};
/* End PBXResourcesBuildPhase section */

/* Begin PBXSourcesBuildPhase section */
		275BE9932C16E6EA005FD265 /* Sources */ = {
			isa = PBXSourcesBuildPhase;
			buildActionMask = 2147483647;
			files = (
				275BE99F2C16E6EA005FD265 /* ViewController.swift in Sources */,
				275BE99B2C16E6EA005FD265 /* AppDelegate.swift in Sources */,
				275BE9BA2C173BA4005FD265 /* APIKey.swift in Sources */,
				275BE99D2C16E6EA005FD265 /* SceneDelegate.swift in Sources */,
				275BE9C02C1757FD005FD265 /* MainTableViewCell.swift in Sources */,
				27BB2E032C1841E00074820D /* Main.swift in Sources */,
				275BE9BD2C173F07005FD265 /* MainViewController.swift in Sources */,
			);
			runOnlyForDeploymentPostprocessing = 0;
		};
/* End PBXSourcesBuildPhase section */

/* Begin PBXVariantGroup section */
		275BE9A52C16E6EB005FD265 /* LaunchScreen.storyboard */ = {
			isa = PBXVariantGroup;
			children = (
				275BE9A62C16E6EB005FD265 /* Base */,
			);
			name = LaunchScreen.storyboard;
			sourceTree = "<group>";
		};
/* End PBXVariantGroup section */

/* Begin XCBuildConfiguration section */
		275BE9A92C16E6EB005FD265 /* Debug */ = {
			isa = XCBuildConfiguration;
			buildSettings = {
				ALWAYS_SEARCH_USER_PATHS = NO;
				ASSETCATALOG_COMPILER_GENERATE_SWIFT_ASSET_SYMBOL_EXTENSIONS = YES;
				CLANG_ANALYZER_NONNULL = YES;
				CLANG_ANALYZER_NUMBER_OBJECT_CONVERSION = YES_AGGRESSIVE;
				CLANG_CXX_LANGUAGE_STANDARD = "gnu++20";
				CLANG_ENABLE_MODULES = YES;
				CLANG_ENABLE_OBJC_ARC = YES;
				CLANG_ENABLE_OBJC_WEAK = YES;
				CLANG_WARN_BLOCK_CAPTURE_AUTORELEASING = YES;
				CLANG_WARN_BOOL_CONVERSION = YES;
				CLANG_WARN_COMMA = YES;
				CLANG_WARN_CONSTANT_CONVERSION = YES;
				CLANG_WARN_DEPRECATED_OBJC_IMPLEMENTATIONS = YES;
				CLANG_WARN_DIRECT_OBJC_ISA_USAGE = YES_ERROR;
				CLANG_WARN_DOCUMENTATION_COMMENTS = YES;
				CLANG_WARN_EMPTY_BODY = YES;
				CLANG_WARN_ENUM_CONVERSION = YES;
				CLANG_WARN_INFINITE_RECURSION = YES;
				CLANG_WARN_INT_CONVERSION = YES;
				CLANG_WARN_NON_LITERAL_NULL_CONVERSION = YES;
				CLANG_WARN_OBJC_IMPLICIT_RETAIN_SELF = YES;
				CLANG_WARN_OBJC_LITERAL_CONVERSION = YES;
				CLANG_WARN_OBJC_ROOT_CLASS = YES_ERROR;
				CLANG_WARN_QUOTED_INCLUDE_IN_FRAMEWORK_HEADER = YES;
				CLANG_WARN_RANGE_LOOP_ANALYSIS = YES;
				CLANG_WARN_STRICT_PROTOTYPES = YES;
				CLANG_WARN_SUSPICIOUS_MOVE = YES;
				CLANG_WARN_UNGUARDED_AVAILABILITY = YES_AGGRESSIVE;
				CLANG_WARN_UNREACHABLE_CODE = YES;
				CLANG_WARN__DUPLICATE_METHOD_MATCH = YES;
				COPY_PHASE_STRIP = NO;
				DEBUG_INFORMATION_FORMAT = dwarf;
				ENABLE_STRICT_OBJC_MSGSEND = YES;
				ENABLE_TESTABILITY = YES;
				ENABLE_USER_SCRIPT_SANDBOXING = YES;
				GCC_C_LANGUAGE_STANDARD = gnu17;
				GCC_DYNAMIC_NO_PIC = NO;
				GCC_NO_COMMON_BLOCKS = YES;
				GCC_OPTIMIZATION_LEVEL = 0;
				GCC_PREPROCESSOR_DEFINITIONS = (
					"DEBUG=1",
					"$(inherited)",
				);
				GCC_WARN_64_TO_32_BIT_CONVERSION = YES;
				GCC_WARN_ABOUT_RETURN_TYPE = YES_ERROR;
				GCC_WARN_UNDECLARED_SELECTOR = YES;
				GCC_WARN_UNINITIALIZED_AUTOS = YES_AGGRESSIVE;
				GCC_WARN_UNUSED_FUNCTION = YES;
				GCC_WARN_UNUSED_VARIABLE = YES;
				IPHONEOS_DEPLOYMENT_TARGET = 15.0;
				LOCALIZATION_PREFERS_STRING_CATALOGS = YES;
				MTL_ENABLE_DEBUG_INFO = INCLUDE_SOURCE;
				MTL_FAST_MATH = YES;
				ONLY_ACTIVE_ARCH = YES;
				SDKROOT = iphoneos;
				SWIFT_ACTIVE_COMPILATION_CONDITIONS = "DEBUG $(inherited)";
				SWIFT_OPTIMIZATION_LEVEL = "-Onone";
			};
			name = Debug;
		};
		275BE9AA2C16E6EB005FD265 /* Release */ = {
			isa = XCBuildConfiguration;
			buildSettings = {
				ALWAYS_SEARCH_USER_PATHS = NO;
				ASSETCATALOG_COMPILER_GENERATE_SWIFT_ASSET_SYMBOL_EXTENSIONS = YES;
				CLANG_ANALYZER_NONNULL = YES;
				CLANG_ANALYZER_NUMBER_OBJECT_CONVERSION = YES_AGGRESSIVE;
				CLANG_CXX_LANGUAGE_STANDARD = "gnu++20";
				CLANG_ENABLE_MODULES = YES;
				CLANG_ENABLE_OBJC_ARC = YES;
				CLANG_ENABLE_OBJC_WEAK = YES;
				CLANG_WARN_BLOCK_CAPTURE_AUTORELEASING = YES;
				CLANG_WARN_BOOL_CONVERSION = YES;
				CLANG_WARN_COMMA = YES;
				CLANG_WARN_CONSTANT_CONVERSION = YES;
				CLANG_WARN_DEPRECATED_OBJC_IMPLEMENTATIONS = YES;
				CLANG_WARN_DIRECT_OBJC_ISA_USAGE = YES_ERROR;
				CLANG_WARN_DOCUMENTATION_COMMENTS = YES;
				CLANG_WARN_EMPTY_BODY = YES;
				CLANG_WARN_ENUM_CONVERSION = YES;
				CLANG_WARN_INFINITE_RECURSION = YES;
				CLANG_WARN_INT_CONVERSION = YES;
				CLANG_WARN_NON_LITERAL_NULL_CONVERSION = YES;
				CLANG_WARN_OBJC_IMPLICIT_RETAIN_SELF = YES;
				CLANG_WARN_OBJC_LITERAL_CONVERSION = YES;
				CLANG_WARN_OBJC_ROOT_CLASS = YES_ERROR;
				CLANG_WARN_QUOTED_INCLUDE_IN_FRAMEWORK_HEADER = YES;
				CLANG_WARN_RANGE_LOOP_ANALYSIS = YES;
				CLANG_WARN_STRICT_PROTOTYPES = YES;
				CLANG_WARN_SUSPICIOUS_MOVE = YES;
				CLANG_WARN_UNGUARDED_AVAILABILITY = YES_AGGRESSIVE;
				CLANG_WARN_UNREACHABLE_CODE = YES;
				CLANG_WARN__DUPLICATE_METHOD_MATCH = YES;
				COPY_PHASE_STRIP = NO;
				DEBUG_INFORMATION_FORMAT = "dwarf-with-dsym";
				ENABLE_NS_ASSERTIONS = NO;
				ENABLE_STRICT_OBJC_MSGSEND = YES;
				ENABLE_USER_SCRIPT_SANDBOXING = YES;
				GCC_C_LANGUAGE_STANDARD = gnu17;
				GCC_NO_COMMON_BLOCKS = YES;
				GCC_WARN_64_TO_32_BIT_CONVERSION = YES;
				GCC_WARN_ABOUT_RETURN_TYPE = YES_ERROR;
				GCC_WARN_UNDECLARED_SELECTOR = YES;
				GCC_WARN_UNINITIALIZED_AUTOS = YES_AGGRESSIVE;
				GCC_WARN_UNUSED_FUNCTION = YES;
				GCC_WARN_UNUSED_VARIABLE = YES;
				IPHONEOS_DEPLOYMENT_TARGET = 15.0;
				LOCALIZATION_PREFERS_STRING_CATALOGS = YES;
				MTL_ENABLE_DEBUG_INFO = NO;
				MTL_FAST_MATH = YES;
				SDKROOT = iphoneos;
				SWIFT_COMPILATION_MODE = wholemodule;
				VALIDATE_PRODUCT = YES;
			};
			name = Release;
		};
		275BE9AC2C16E6EB005FD265 /* Debug */ = {
			isa = XCBuildConfiguration;
			buildSettings = {
				ASSETCATALOG_COMPILER_APPICON_NAME = AppIcon;
				ASSETCATALOG_COMPILER_GLOBAL_ACCENT_COLOR_NAME = AccentColor;
				CODE_SIGN_STYLE = Automatic;
				CURRENT_PROJECT_VERSION = 1;
				DEVELOPMENT_TEAM = YAZ6T34227;
				GENERATE_INFOPLIST_FILE = YES;
				INFOPLIST_FILE = Media/Info.plist;
				INFOPLIST_KEY_LSApplicationCategoryType = "public.app-category.entertainment";
				INFOPLIST_KEY_UIApplicationSupportsIndirectInputEvents = YES;
				INFOPLIST_KEY_UILaunchStoryboardName = LaunchScreen;
				INFOPLIST_KEY_UISupportedInterfaceOrientations = UIInterfaceOrientationPortrait;
				INFOPLIST_KEY_UISupportedInterfaceOrientations_iPad = "UIInterfaceOrientationLandscapeLeft UIInterfaceOrientationLandscapeRight UIInterfaceOrientationPortrait UIInterfaceOrientationPortraitUpsideDown";
				IPHONEOS_DEPLOYMENT_TARGET = 15.0;
				LD_RUNPATH_SEARCH_PATHS = (
					"$(inherited)",
					"@executable_path/Frameworks",
				);
				MARKETING_VERSION = 1.0;
				PRODUCT_BUNDLE_IDENTIFIER = hwanghye.Media;
				PRODUCT_NAME = "$(TARGET_NAME)";
				SUPPORTED_PLATFORMS = "iphoneos iphonesimulator";
				SUPPORTS_MACCATALYST = NO;
				SUPPORTS_MAC_DESIGNED_FOR_IPHONE_IPAD = NO;
				SUPPORTS_XR_DESIGNED_FOR_IPHONE_IPAD = NO;
				SWIFT_EMIT_LOC_STRINGS = YES;
				SWIFT_VERSION = 5.0;
				TARGETED_DEVICE_FAMILY = 1;
			};
			name = Debug;
		};
		275BE9AD2C16E6EB005FD265 /* Release */ = {
			isa = XCBuildConfiguration;
			buildSettings = {
				ASSETCATALOG_COMPILER_APPICON_NAME = AppIcon;
				ASSETCATALOG_COMPILER_GLOBAL_ACCENT_COLOR_NAME = AccentColor;
				CODE_SIGN_STYLE = Automatic;
				CURRENT_PROJECT_VERSION = 1;
				DEVELOPMENT_TEAM = YAZ6T34227;
				GENERATE_INFOPLIST_FILE = YES;
				INFOPLIST_FILE = Media/Info.plist;
				INFOPLIST_KEY_LSApplicationCategoryType = "public.app-category.entertainment";
				INFOPLIST_KEY_UIApplicationSupportsIndirectInputEvents = YES;
				INFOPLIST_KEY_UILaunchStoryboardName = LaunchScreen;
				INFOPLIST_KEY_UISupportedInterfaceOrientations = UIInterfaceOrientationPortrait;
				INFOPLIST_KEY_UISupportedInterfaceOrientations_iPad = "UIInterfaceOrientationLandscapeLeft UIInterfaceOrientationLandscapeRight UIInterfaceOrientationPortrait UIInterfaceOrientationPortraitUpsideDown";
				IPHONEOS_DEPLOYMENT_TARGET = 15.0;
				LD_RUNPATH_SEARCH_PATHS = (
					"$(inherited)",
					"@executable_path/Frameworks",
				);
				MARKETING_VERSION = 1.0;
				PRODUCT_BUNDLE_IDENTIFIER = hwanghye.Media;
				PRODUCT_NAME = "$(TARGET_NAME)";
				SUPPORTED_PLATFORMS = "iphoneos iphonesimulator";
				SUPPORTS_MACCATALYST = NO;
				SUPPORTS_MAC_DESIGNED_FOR_IPHONE_IPAD = NO;
				SUPPORTS_XR_DESIGNED_FOR_IPHONE_IPAD = NO;
				SWIFT_EMIT_LOC_STRINGS = YES;
				SWIFT_VERSION = 5.0;
				TARGETED_DEVICE_FAMILY = 1;
			};
			name = Release;
		};
/* End XCBuildConfiguration section */

/* Begin XCConfigurationList section */
		275BE9922C16E6E9005FD265 /* Build configuration list for PBXProject "Media" */ = {
			isa = XCConfigurationList;
			buildConfigurations = (
				275BE9A92C16E6EB005FD265 /* Debug */,
				275BE9AA2C16E6EB005FD265 /* Release */,
			);
			defaultConfigurationIsVisible = 0;
			defaultConfigurationName = Release;
		};
		275BE9AB2C16E6EB005FD265 /* Build configuration list for PBXNativeTarget "Media" */ = {
			isa = XCConfigurationList;
			buildConfigurations = (
				275BE9AC2C16E6EB005FD265 /* Debug */,
				275BE9AD2C16E6EB005FD265 /* Release */,
			);
			defaultConfigurationIsVisible = 0;
			defaultConfigurationName = Release;
		};
/* End XCConfigurationList section */

/* Begin XCRemoteSwiftPackageReference section */
		275BE9B02C16E8C2005FD265 /* XCRemoteSwiftPackageReference "Alamofire" */ = {
			isa = XCRemoteSwiftPackageReference;
			repositoryURL = "https://github.com/Alamofire/Alamofire.git";
			requirement = {
				kind = upToNextMajorVersion;
				minimumVersion = 5.9.1;
			};
		};
		275BE9B32C16E8CC005FD265 /* XCRemoteSwiftPackageReference "Kingfisher" */ = {
			isa = XCRemoteSwiftPackageReference;
			repositoryURL = "https://github.com/onevcat/Kingfisher.git";
			requirement = {
				kind = upToNextMajorVersion;
				minimumVersion = 7.11.0;
			};
		};
		275BE9B62C16E8D8005FD265 /* XCRemoteSwiftPackageReference "SnapKit" */ = {
			isa = XCRemoteSwiftPackageReference;
			repositoryURL = "https://github.com/SnapKit/SnapKit.git";
			requirement = {
				kind = upToNextMajorVersion;
				minimumVersion = 5.7.1;
			};
		};
/* End XCRemoteSwiftPackageReference section */

/* Begin XCSwiftPackageProductDependency section */
		275BE9B12C16E8C2005FD265 /* Alamofire */ = {
			isa = XCSwiftPackageProductDependency;
			package = 275BE9B02C16E8C2005FD265 /* XCRemoteSwiftPackageReference "Alamofire" */;
			productName = Alamofire;
		};
		275BE9B42C16E8CC005FD265 /* Kingfisher */ = {
			isa = XCSwiftPackageProductDependency;
			package = 275BE9B32C16E8CC005FD265 /* XCRemoteSwiftPackageReference "Kingfisher" */;
			productName = Kingfisher;
		};
		275BE9B72C16E8D8005FD265 /* SnapKit */ = {
			isa = XCSwiftPackageProductDependency;
			package = 275BE9B62C16E8D8005FD265 /* XCRemoteSwiftPackageReference "SnapKit" */;
			productName = SnapKit;
		};
/* End XCSwiftPackageProductDependency section */
	};
	rootObject = 275BE98F2C16E6E9005FD265 /* Project object */;
}
