// !$*UTF8*$!
{
	archiveVersion = 1;
	classes = {
	};
	objectVersion = 56;
	objects = {

/* Begin PBXBuildFile section */
		27634C952C0EFFD400698CE3 /* AppDelegate.swift in Sources */ = {isa = PBXBuildFile; fileRef = 27634C942C0EFFD400698CE3 /* AppDelegate.swift */; };
		27634C972C0EFFD400698CE3 /* SceneDelegate.swift in Sources */ = {isa = PBXBuildFile; fileRef = 27634C962C0EFFD400698CE3 /* SceneDelegate.swift */; };
		27634C992C0EFFD400698CE3 /* ViewController.swift in Sources */ = {isa = PBXBuildFile; fileRef = 27634C982C0EFFD400698CE3 /* ViewController.swift */; };
		27634C9C2C0EFFD400698CE3 /* Base in Resources */ = {isa = PBXBuildFile; fileRef = 27634C9B2C0EFFD400698CE3 /* Base */; };
		27634C9E2C0EFFD500698CE3 /* Assets.xcassets in Resources */ = {isa = PBXBuildFile; fileRef = 27634C9D2C0EFFD500698CE3 /* Assets.xcassets */; };
		27634CA12C0EFFD500698CE3 /* Base in Resources */ = {isa = PBXBuildFile; fileRef = 27634CA02C0EFFD500698CE3 /* Base */; };
		27634CAE2C0F02FE00698CE3 /* SnapKit in Frameworks */ = {isa = PBXBuildFile; productRef = 27634CAD2C0F02FE00698CE3 /* SnapKit */; };
		27634CB12C0F06EB00698CE3 /* SignUpViewController.swift in Sources */ = {isa = PBXBuildFile; fileRef = 27634CB02C0F06EB00698CE3 /* SignUpViewController.swift */; };
		27634CB42C0F7EBD00698CE3 /* HomeViewController.swift in Sources */ = {isa = PBXBuildFile; fileRef = 27634CB32C0F7EBD00698CE3 /* HomeViewController.swift */; };
		27B02EBE2C2ABB8C00AF39B6 /* ContentViewController.swift in Sources */ = {isa = PBXBuildFile; fileRef = 27B02EBD2C2ABB8C00AF39B6 /* ContentViewController.swift */; };
		27B02EC02C2ABC8600AF39B6 /* .gitignore in Resources */ = {isa = PBXBuildFile; fileRef = 27B02EBF2C2ABC8600AF39B6 /* .gitignore */; };
		27BB2E052C18B26B0074820D /* SearchCollectionViewController.swift in Sources */ = {isa = PBXBuildFile; fileRef = 27BB2E042C18B26B0074820D /* SearchCollectionViewController.swift */; };
		27BB2E072C18B33E0074820D /* SearchCollectionViewCell.swift in Sources */ = {isa = PBXBuildFile; fileRef = 27BB2E062C18B33E0074820D /* SearchCollectionViewCell.swift */; };
		27BB2E0B2C18B4DE0074820D /* Kingfisher in Frameworks */ = {isa = PBXBuildFile; productRef = 27BB2E0A2C18B4DE0074820D /* Kingfisher */; };
		27BB2E0E2C18B4E70074820D /* Alamofire in Frameworks */ = {isa = PBXBuildFile; productRef = 27BB2E0D2C18B4E70074820D /* Alamofire */; };
		27BB2E102C18BAF80074820D /* Search.swift in Sources */ = {isa = PBXBuildFile; fileRef = 27BB2E0F2C18BAF80074820D /* Search.swift */; };
/* End PBXBuildFile section */

/* Begin PBXFileReference section */
		27634C912C0EFFD400698CE3 /* Movie.app */ = {isa = PBXFileReference; explicitFileType = wrapper.application; includeInIndex = 0; path = Movie.app; sourceTree = BUILT_PRODUCTS_DIR; };
		27634C942C0EFFD400698CE3 /* AppDelegate.swift */ = {isa = PBXFileReference; lastKnownFileType = sourcecode.swift; path = AppDelegate.swift; sourceTree = "<group>"; };
		27634C962C0EFFD400698CE3 /* SceneDelegate.swift */ = {isa = PBXFileReference; lastKnownFileType = sourcecode.swift; path = SceneDelegate.swift; sourceTree = "<group>"; };
		27634C982C0EFFD400698CE3 /* ViewController.swift */ = {isa = PBXFileReference; lastKnownFileType = sourcecode.swift; path = ViewController.swift; sourceTree = "<group>"; };
		27634C9B2C0EFFD400698CE3 /* Base */ = {isa = PBXFileReference; lastKnownFileType = file.storyboard; name = Base; path = Base.lproj/Main.storyboard; sourceTree = "<group>"; };
		27634C9D2C0EFFD500698CE3 /* Assets.xcassets */ = {isa = PBXFileReference; lastKnownFileType = folder.assetcatalog; path = Assets.xcassets; sourceTree = "<group>"; };
		27634CA02C0EFFD500698CE3 /* Base */ = {isa = PBXFileReference; lastKnownFileType = file.storyboard; name = Base; path = Base.lproj/LaunchScreen.storyboard; sourceTree = "<group>"; };
		27634CA22C0EFFD500698CE3 /* Info.plist */ = {isa = PBXFileReference; lastKnownFileType = text.plist.xml; path = Info.plist; sourceTree = "<group>"; };
		27634CB02C0F06EB00698CE3 /* SignUpViewController.swift */ = {isa = PBXFileReference; lastKnownFileType = sourcecode.swift; path = SignUpViewController.swift; sourceTree = "<group>"; };
		27634CB32C0F7EBD00698CE3 /* HomeViewController.swift */ = {isa = PBXFileReference; lastKnownFileType = sourcecode.swift; path = HomeViewController.swift; sourceTree = "<group>"; };
		27B02EBD2C2ABB8C00AF39B6 /* ContentViewController.swift */ = {isa = PBXFileReference; lastKnownFileType = sourcecode.swift; path = ContentViewController.swift; sourceTree = "<group>"; };
		27B02EBF2C2ABC8600AF39B6 /* .gitignore */ = {isa = PBXFileReference; lastKnownFileType = text; path = .gitignore; sourceTree = "<group>"; };
		27BB2E042C18B26B0074820D /* SearchCollectionViewController.swift */ = {isa = PBXFileReference; lastKnownFileType = sourcecode.swift; path = SearchCollectionViewController.swift; sourceTree = "<group>"; };
		27BB2E062C18B33E0074820D /* SearchCollectionViewCell.swift */ = {isa = PBXFileReference; lastKnownFileType = sourcecode.swift; path = SearchCollectionViewCell.swift; sourceTree = "<group>"; };
		27BB2E0F2C18BAF80074820D /* Search.swift */ = {isa = PBXFileReference; lastKnownFileType = sourcecode.swift; path = Search.swift; sourceTree = "<group>"; };
/* End PBXFileReference section */

/* Begin PBXFrameworksBuildPhase section */
		27634C8E2C0EFFD400698CE3 /* Frameworks */ = {
			isa = PBXFrameworksBuildPhase;
			buildActionMask = 2147483647;
			files = (
				27BB2E0E2C18B4E70074820D /* Alamofire in Frameworks */,
				27BB2E0B2C18B4DE0074820D /* Kingfisher in Frameworks */,
				27634CAE2C0F02FE00698CE3 /* SnapKit in Frameworks */,
			);
			runOnlyForDeploymentPostprocessing = 0;
		};
/* End PBXFrameworksBuildPhase section */

/* Begin PBXGroup section */
		27634C882C0EFFD400698CE3 = {
			isa = PBXGroup;
			children = (
				27B02EBF2C2ABC8600AF39B6 /* .gitignore */,
				27634C932C0EFFD400698CE3 /* Movie */,
				27634C922C0EFFD400698CE3 /* Products */,
			);
			sourceTree = "<group>";
		};
		27634C922C0EFFD400698CE3 /* Products */ = {
			isa = PBXGroup;
			children = (
				27634C912C0EFFD400698CE3 /* Movie.app */,
			);
			name = Products;
			sourceTree = "<group>";
		};
		27634C932C0EFFD400698CE3 /* Movie */ = {
			isa = PBXGroup;
			children = (
				27B02EBC2C2ABB6900AF39B6 /* Content */,
				27BB2E082C18B3470074820D /* Search */,
				27634CB22C0F7EAE00698CE3 /* Home */,
				27634CAF2C0F06D400698CE3 /* SignUp */,
				27634C942C0EFFD400698CE3 /* AppDelegate.swift */,
				27634C962C0EFFD400698CE3 /* SceneDelegate.swift */,
				27634C982C0EFFD400698CE3 /* ViewController.swift */,
				27634C9A2C0EFFD400698CE3 /* Main.storyboard */,
				27634C9D2C0EFFD500698CE3 /* Assets.xcassets */,
				27634C9F2C0EFFD500698CE3 /* LaunchScreen.storyboard */,
				27634CA22C0EFFD500698CE3 /* Info.plist */,
			);
			path = Movie;
			sourceTree = "<group>";
		};
		27634CAF2C0F06D400698CE3 /* SignUp */ = {
			isa = PBXGroup;
			children = (
				27634CB02C0F06EB00698CE3 /* SignUpViewController.swift */,
			);
			path = SignUp;
			sourceTree = "<group>";
		};
		27634CB22C0F7EAE00698CE3 /* Home */ = {
			isa = PBXGroup;
			children = (
				27634CB32C0F7EBD00698CE3 /* HomeViewController.swift */,
			);
			path = Home;
			sourceTree = "<group>";
		};
		27B02EBC2C2ABB6900AF39B6 /* Content */ = {
			isa = PBXGroup;
			children = (
				27B02EBD2C2ABB8C00AF39B6 /* ContentViewController.swift */,
			);
			path = Content;
			sourceTree = "<group>";
		};
		27BB2E082C18B3470074820D /* Search */ = {
			isa = PBXGroup;
			children = (
				27BB2E042C18B26B0074820D /* SearchCollectionViewController.swift */,
				27BB2E062C18B33E0074820D /* SearchCollectionViewCell.swift */,
				27BB2E0F2C18BAF80074820D /* Search.swift */,
			);
			path = Search;
			sourceTree = "<group>";
		};
/* End PBXGroup section */

/* Begin PBXNativeTarget section */
		27634C902C0EFFD400698CE3 /* Movie */ = {
			isa = PBXNativeTarget;
			buildConfigurationList = 27634CA52C0EFFD500698CE3 /* Build configuration list for PBXNativeTarget "Movie" */;
			buildPhases = (
				27634C8D2C0EFFD400698CE3 /* Sources */,
				27634C8E2C0EFFD400698CE3 /* Frameworks */,
				27634C8F2C0EFFD400698CE3 /* Resources */,
			);
			buildRules = (
			);
			dependencies = (
			);
			name = Movie;
			packageProductDependencies = (
				27634CAD2C0F02FE00698CE3 /* SnapKit */,
				27BB2E0A2C18B4DE0074820D /* Kingfisher */,
				27BB2E0D2C18B4E70074820D /* Alamofire */,
			);
			productName = Movie;
			productReference = 27634C912C0EFFD400698CE3 /* Movie.app */;
			productType = "com.apple.product-type.application";
		};
/* End PBXNativeTarget section */

/* Begin PBXProject section */
		27634C892C0EFFD400698CE3 /* Project object */ = {
			isa = PBXProject;
			attributes = {
				BuildIndependentTargetsInParallel = 1;
				LastSwiftUpdateCheck = 1540;
				LastUpgradeCheck = 1540;
				TargetAttributes = {
					27634C902C0EFFD400698CE3 = {
						CreatedOnToolsVersion = 15.4;
					};
				};
			};
			buildConfigurationList = 27634C8C2C0EFFD400698CE3 /* Build configuration list for PBXProject "Movie" */;
			compatibilityVersion = "Xcode 14.0";
			developmentRegion = en;
			hasScannedForEncodings = 0;
			knownRegions = (
				en,
				Base,
			);
			mainGroup = 27634C882C0EFFD400698CE3;
			packageReferences = (
				27634CAC2C0F02FE00698CE3 /* XCRemoteSwiftPackageReference "SnapKit" */,
				27BB2E092C18B4DE0074820D /* XCRemoteSwiftPackageReference "Kingfisher" */,
				27BB2E0C2C18B4E70074820D /* XCRemoteSwiftPackageReference "Alamofire" */,
			);
			productRefGroup = 27634C922C0EFFD400698CE3 /* Products */;
			projectDirPath = "";
			projectRoot = "";
			targets = (
				27634C902C0EFFD400698CE3 /* Movie */,
			);
		};
/* End PBXProject section */

/* Begin PBXResourcesBuildPhase section */
		27634C8F2C0EFFD400698CE3 /* Resources */ = {
			isa = PBXResourcesBuildPhase;
			buildActionMask = 2147483647;
			files = (
				27B02EC02C2ABC8600AF39B6 /* .gitignore in Resources */,
				27634C9E2C0EFFD500698CE3 /* Assets.xcassets in Resources */,
				27634CA12C0EFFD500698CE3 /* Base in Resources */,
				27634C9C2C0EFFD400698CE3 /* Base in Resources */,
			);
			runOnlyForDeploymentPostprocessing = 0;
		};
/* End PBXResourcesBuildPhase section */

/* Begin PBXSourcesBuildPhase section */
		27634C8D2C0EFFD400698CE3 /* Sources */ = {
			isa = PBXSourcesBuildPhase;
			buildActionMask = 2147483647;
			files = (
				27634CB42C0F7EBD00698CE3 /* HomeViewController.swift in Sources */,
				27634C992C0EFFD400698CE3 /* ViewController.swift in Sources */,
				27634C952C0EFFD400698CE3 /* AppDelegate.swift in Sources */,
				27634C972C0EFFD400698CE3 /* SceneDelegate.swift in Sources */,
				27B02EBE2C2ABB8C00AF39B6 /* ContentViewController.swift in Sources */,
				27BB2E052C18B26B0074820D /* SearchCollectionViewController.swift in Sources */,
				27BB2E102C18BAF80074820D /* Search.swift in Sources */,
				27BB2E072C18B33E0074820D /* SearchCollectionViewCell.swift in Sources */,
				27634CB12C0F06EB00698CE3 /* SignUpViewController.swift in Sources */,
			);
			runOnlyForDeploymentPostprocessing = 0;
		};
/* End PBXSourcesBuildPhase section */

/* Begin PBXVariantGroup section */
		27634C9A2C0EFFD400698CE3 /* Main.storyboard */ = {
			isa = PBXVariantGroup;
			children = (
				27634C9B2C0EFFD400698CE3 /* Base */,
			);
			name = Main.storyboard;
			sourceTree = "<group>";
		};
		27634C9F2C0EFFD500698CE3 /* LaunchScreen.storyboard */ = {
			isa = PBXVariantGroup;
			children = (
				27634CA02C0EFFD500698CE3 /* Base */,
			);
			name = LaunchScreen.storyboard;
			sourceTree = "<group>";
		};
/* End PBXVariantGroup section */

/* Begin XCBuildConfiguration section */
		27634CA32C0EFFD500698CE3 /* Debug */ = {
			isa = XCBuildConfiguration;
			buildSettings = {
				ALWAYS_SEARCH_USER_PATHS = NO;
				ASSETCATALOG_COMPILER_GENERATE_SWIFT_ASSET_SYMBOL_EXTENSIONS = YES;
				CLANG_ANALYZER_NONNULL = YES;
				CLANG_ANALYZER_NUMBER_OBJECT_CONVERSION = YES_AGGRESSIVE;
				CLANG_CXX_LANGUAGE_STANDARD = "gnu++20";
				CLANG_ENABLE_MODULES = YES;
				CLANG_ENABLE_OBJC_ARC = YES;
				CLANG_ENABLE_OBJC_WEAK = YES;
				CLANG_WARN_BLOCK_CAPTURE_AUTORELEASING = YES;
				CLANG_WARN_BOOL_CONVERSION = YES;
				CLANG_WARN_COMMA = YES;
				CLANG_WARN_CONSTANT_CONVERSION = YES;
				CLANG_WARN_DEPRECATED_OBJC_IMPLEMENTATIONS = YES;
				CLANG_WARN_DIRECT_OBJC_ISA_USAGE = YES_ERROR;
				CLANG_WARN_DOCUMENTATION_COMMENTS = YES;
				CLANG_WARN_EMPTY_BODY = YES;
				CLANG_WARN_ENUM_CONVERSION = YES;
				CLANG_WARN_INFINITE_RECURSION = YES;
				CLANG_WARN_INT_CONVERSION = YES;
				CLANG_WARN_NON_LITERAL_NULL_CONVERSION = YES;
				CLANG_WARN_OBJC_IMPLICIT_RETAIN_SELF = YES;
				CLANG_WARN_OBJC_LITERAL_CONVERSION = YES;
				CLANG_WARN_OBJC_ROOT_CLASS = YES_ERROR;
				CLANG_WARN_QUOTED_INCLUDE_IN_FRAMEWORK_HEADER = YES;
				CLANG_WARN_RANGE_LOOP_ANALYSIS = YES;
				CLANG_WARN_STRICT_PROTOTYPES = YES;
				CLANG_WARN_SUSPICIOUS_MOVE = YES;
				CLANG_WARN_UNGUARDED_AVAILABILITY = YES_AGGRESSIVE;
				CLANG_WARN_UNREACHABLE_CODE = YES;
				CLANG_WARN__DUPLICATE_METHOD_MATCH = YES;
				COPY_PHASE_STRIP = NO;
				DEBUG_INFORMATION_FORMAT = dwarf;
				ENABLE_STRICT_OBJC_MSGSEND = YES;
				ENABLE_TESTABILITY = YES;
				ENABLE_USER_SCRIPT_SANDBOXING = YES;
				GCC_C_LANGUAGE_STANDARD = gnu17;
				GCC_DYNAMIC_NO_PIC = NO;
				GCC_NO_COMMON_BLOCKS = YES;
				GCC_OPTIMIZATION_LEVEL = 0;
				GCC_PREPROCESSOR_DEFINITIONS = (
					"DEBUG=1",
					"$(inherited)",
				);
				GCC_WARN_64_TO_32_BIT_CONVERSION = YES;
				GCC_WARN_ABOUT_RETURN_TYPE = YES_ERROR;
				GCC_WARN_UNDECLARED_SELECTOR = YES;
				GCC_WARN_UNINITIALIZED_AUTOS = YES_AGGRESSIVE;
				GCC_WARN_UNUSED_FUNCTION = YES;
				GCC_WARN_UNUSED_VARIABLE = YES;
				IPHONEOS_DEPLOYMENT_TARGET = 17.5;
				LOCALIZATION_PREFERS_STRING_CATALOGS = YES;
				MTL_ENABLE_DEBUG_INFO = INCLUDE_SOURCE;
				MTL_FAST_MATH = YES;
				ONLY_ACTIVE_ARCH = YES;
				SDKROOT = iphoneos;
				SWIFT_ACTIVE_COMPILATION_CONDITIONS = "DEBUG $(inherited)";
				SWIFT_OPTIMIZATION_LEVEL = "-Onone";
			};
			name = Debug;
		};
		27634CA42C0EFFD500698CE3 /* Release */ = {
			isa = XCBuildConfiguration;
			buildSettings = {
				ALWAYS_SEARCH_USER_PATHS = NO;
				ASSETCATALOG_COMPILER_GENERATE_SWIFT_ASSET_SYMBOL_EXTENSIONS = YES;
				CLANG_ANALYZER_NONNULL = YES;
				CLANG_ANALYZER_NUMBER_OBJECT_CONVERSION = YES_AGGRESSIVE;
				CLANG_CXX_LANGUAGE_STANDARD = "gnu++20";
				CLANG_ENABLE_MODULES = YES;
				CLANG_ENABLE_OBJC_ARC = YES;
				CLANG_ENABLE_OBJC_WEAK = YES;
				CLANG_WARN_BLOCK_CAPTURE_AUTORELEASING = YES;
				CLANG_WARN_BOOL_CONVERSION = YES;
				CLANG_WARN_COMMA = YES;
				CLANG_WARN_CONSTANT_CONVERSION = YES;
				CLANG_WARN_DEPRECATED_OBJC_IMPLEMENTATIONS = YES;
				CLANG_WARN_DIRECT_OBJC_ISA_USAGE = YES_ERROR;
				CLANG_WARN_DOCUMENTATION_COMMENTS = YES;
				CLANG_WARN_EMPTY_BODY = YES;
				CLANG_WARN_ENUM_CONVERSION = YES;
				CLANG_WARN_INFINITE_RECURSION = YES;
				CLANG_WARN_INT_CONVERSION = YES;
				CLANG_WARN_NON_LITERAL_NULL_CONVERSION = YES;
				CLANG_WARN_OBJC_IMPLICIT_RETAIN_SELF = YES;
				CLANG_WARN_OBJC_LITERAL_CONVERSION = YES;
				CLANG_WARN_OBJC_ROOT_CLASS = YES_ERROR;
				CLANG_WARN_QUOTED_INCLUDE_IN_FRAMEWORK_HEADER = YES;
				CLANG_WARN_RANGE_LOOP_ANALYSIS = YES;
				CLANG_WARN_STRICT_PROTOTYPES = YES;
				CLANG_WARN_SUSPICIOUS_MOVE = YES;
				CLANG_WARN_UNGUARDED_AVAILABILITY = YES_AGGRESSIVE;
				CLANG_WARN_UNREACHABLE_CODE = YES;
				CLANG_WARN__DUPLICATE_METHOD_MATCH = YES;
				COPY_PHASE_STRIP = NO;
				DEBUG_INFORMATION_FORMAT = "dwarf-with-dsym";
				ENABLE_NS_ASSERTIONS = NO;
				ENABLE_STRICT_OBJC_MSGSEND = YES;
				ENABLE_USER_SCRIPT_SANDBOXING = YES;
				GCC_C_LANGUAGE_STANDARD = gnu17;
				GCC_NO_COMMON_BLOCKS = YES;
				GCC_WARN_64_TO_32_BIT_CONVERSION = YES;
				GCC_WARN_ABOUT_RETURN_TYPE = YES_ERROR;
				GCC_WARN_UNDECLARED_SELECTOR = YES;
				GCC_WARN_UNINITIALIZED_AUTOS = YES_AGGRESSIVE;
				GCC_WARN_UNUSED_FUNCTION = YES;
				GCC_WARN_UNUSED_VARIABLE = YES;
				IPHONEOS_DEPLOYMENT_TARGET = 17.5;
				LOCALIZATION_PREFERS_STRING_CATALOGS = YES;
				MTL_ENABLE_DEBUG_INFO = NO;
				MTL_FAST_MATH = YES;
				SDKROOT = iphoneos;
				SWIFT_COMPILATION_MODE = wholemodule;
				VALIDATE_PRODUCT = YES;
			};
			name = Release;
		};
		27634CA62C0EFFD500698CE3 /* Debug */ = {
			isa = XCBuildConfiguration;
			buildSettings = {
				ASSETCATALOG_COMPILER_APPICON_NAME = AppIcon;
				ASSETCATALOG_COMPILER_GLOBAL_ACCENT_COLOR_NAME = AccentColor;
				CODE_SIGN_STYLE = Automatic;
				CURRENT_PROJECT_VERSION = 1;
				DEVELOPMENT_TEAM = YAZ6T34227;
				GENERATE_INFOPLIST_FILE = YES;
				INFOPLIST_FILE = Movie/Info.plist;
				INFOPLIST_KEY_LSApplicationCategoryType = "";
				INFOPLIST_KEY_UIApplicationSupportsIndirectInputEvents = YES;
				INFOPLIST_KEY_UILaunchStoryboardName = LaunchScreen;
				INFOPLIST_KEY_UIMainStoryboardFile = Main;
				INFOPLIST_KEY_UISupportedInterfaceOrientations = UIInterfaceOrientationPortrait;
				INFOPLIST_KEY_UISupportedInterfaceOrientations_iPad = "UIInterfaceOrientationLandscapeLeft UIInterfaceOrientationLandscapeRight UIInterfaceOrientationPortrait UIInterfaceOrientationPortraitUpsideDown";
				IPHONEOS_DEPLOYMENT_TARGET = 17.0;
				LD_RUNPATH_SEARCH_PATHS = (
					"$(inherited)",
					"@executable_path/Frameworks",
				);
				MARKETING_VERSION = 1.0;
				PRODUCT_BUNDLE_IDENTIFIER = hwanghye.Movie;
				PRODUCT_NAME = "$(TARGET_NAME)";
				SUPPORTED_PLATFORMS = "iphoneos iphonesimulator";
				SUPPORTS_MACCATALYST = NO;
				SUPPORTS_MAC_DESIGNED_FOR_IPHONE_IPAD = NO;
				SUPPORTS_XR_DESIGNED_FOR_IPHONE_IPAD = NO;
				SWIFT_EMIT_LOC_STRINGS = YES;
				SWIFT_VERSION = 5.0;
				TARGETED_DEVICE_FAMILY = 1;
			};
			name = Debug;
		};
		27634CA72C0EFFD500698CE3 /* Release */ = {
			isa = XCBuildConfiguration;
			buildSettings = {
				ASSETCATALOG_COMPILER_APPICON_NAME = AppIcon;
				ASSETCATALOG_COMPILER_GLOBAL_ACCENT_COLOR_NAME = AccentColor;
				CODE_SIGN_STYLE = Automatic;
				CURRENT_PROJECT_VERSION = 1;
				DEVELOPMENT_TEAM = YAZ6T34227;
				GENERATE_INFOPLIST_FILE = YES;
				INFOPLIST_FILE = Movie/Info.plist;
				INFOPLIST_KEY_LSApplicationCategoryType = "";
				INFOPLIST_KEY_UIApplicationSupportsIndirectInputEvents = YES;
				INFOPLIST_KEY_UILaunchStoryboardName = LaunchScreen;
				INFOPLIST_KEY_UIMainStoryboardFile = Main;
				INFOPLIST_KEY_UISupportedInterfaceOrientations = UIInterfaceOrientationPortrait;
				INFOPLIST_KEY_UISupportedInterfaceOrientations_iPad = "UIInterfaceOrientationLandscapeLeft UIInterfaceOrientationLandscapeRight UIInterfaceOrientationPortrait UIInterfaceOrientationPortraitUpsideDown";
				IPHONEOS_DEPLOYMENT_TARGET = 17.0;
				LD_RUNPATH_SEARCH_PATHS = (
					"$(inherited)",
					"@executable_path/Frameworks",
				);
				MARKETING_VERSION = 1.0;
				PRODUCT_BUNDLE_IDENTIFIER = hwanghye.Movie;
				PRODUCT_NAME = "$(TARGET_NAME)";
				SUPPORTED_PLATFORMS = "iphoneos iphonesimulator";
				SUPPORTS_MACCATALYST = NO;
				SUPPORTS_MAC_DESIGNED_FOR_IPHONE_IPAD = NO;
				SUPPORTS_XR_DESIGNED_FOR_IPHONE_IPAD = NO;
				SWIFT_EMIT_LOC_STRINGS = YES;
				SWIFT_VERSION = 5.0;
				TARGETED_DEVICE_FAMILY = 1;
			};
			name = Release;
		};
/* End XCBuildConfiguration section */

/* Begin XCConfigurationList section */
		27634C8C2C0EFFD400698CE3 /* Build configuration list for PBXProject "Movie" */ = {
			isa = XCConfigurationList;
			buildConfigurations = (
				27634CA32C0EFFD500698CE3 /* Debug */,
				27634CA42C0EFFD500698CE3 /* Release */,
			);
			defaultConfigurationIsVisible = 0;
			defaultConfigurationName = Release;
		};
		27634CA52C0EFFD500698CE3 /* Build configuration list for PBXNativeTarget "Movie" */ = {
			isa = XCConfigurationList;
			buildConfigurations = (
				27634CA62C0EFFD500698CE3 /* Debug */,
				27634CA72C0EFFD500698CE3 /* Release */,
			);
			defaultConfigurationIsVisible = 0;
			defaultConfigurationName = Release;
		};
/* End XCConfigurationList section */

/* Begin XCRemoteSwiftPackageReference section */
		27634CAC2C0F02FE00698CE3 /* XCRemoteSwiftPackageReference "SnapKit" */ = {
			isa = XCRemoteSwiftPackageReference;
			repositoryURL = "https://github.com/SnapKit/SnapKit.git";
			requirement = {
				kind = upToNextMajorVersion;
				minimumVersion = 5.7.1;
			};
		};
		27BB2E092C18B4DE0074820D /* XCRemoteSwiftPackageReference "Kingfisher" */ = {
			isa = XCRemoteSwiftPackageReference;
			repositoryURL = "https://github.com/onevcat/Kingfisher.git";
			requirement = {
				kind = upToNextMajorVersion;
				minimumVersion = 7.12.0;
			};
		};
		27BB2E0C2C18B4E70074820D /* XCRemoteSwiftPackageReference "Alamofire" */ = {
			isa = XCRemoteSwiftPackageReference;
			repositoryURL = "https://github.com/Alamofire/Alamofire.git";
			requirement = {
				kind = upToNextMajorVersion;
				minimumVersion = 5.9.1;
			};
		};
/* End XCRemoteSwiftPackageReference section */

/* Begin XCSwiftPackageProductDependency section */
		27634CAD2C0F02FE00698CE3 /* SnapKit */ = {
			isa = XCSwiftPackageProductDependency;
			package = 27634CAC2C0F02FE00698CE3 /* XCRemoteSwiftPackageReference "SnapKit" */;
			productName = SnapKit;
		};
		27BB2E0A2C18B4DE0074820D /* Kingfisher */ = {
			isa = XCSwiftPackageProductDependency;
			package = 27BB2E092C18B4DE0074820D /* XCRemoteSwiftPackageReference "Kingfisher" */;
			productName = Kingfisher;
		};
		27BB2E0D2C18B4E70074820D /* Alamofire */ = {
			isa = XCSwiftPackageProductDependency;
			package = 27BB2E0C2C18B4E70074820D /* XCRemoteSwiftPackageReference "Alamofire" */;
			productName = Alamofire;
		};
/* End XCSwiftPackageProductDependency section */
	};
	rootObject = 27634C892C0EFFD400698CE3 /* Project object */;
}
