// !$*UTF8*$!
{
	archiveVersion = 1;
	classes = {
	};
	objectVersion = 56;
	objects = {

/* Begin PBXBuildFile section */
		271130B42C05E9D9000C6A5A /* TravelMagazineTableViewCell.swift in Sources */ = {isa = PBXBuildFile; fileRef = 271130B22C05E9D9000C6A5A /* TravelMagazineTableViewCell.swift */; };
		271130B52C05E9D9000C6A5A /* TravelMagazineTableViewCell.xib in Resources */ = {isa = PBXBuildFile; fileRef = 271130B32C05E9D9000C6A5A /* TravelMagazineTableViewCell.xib */; };
		271DB2372C0791BB007657BE /* ADTableViewCell.xib in Resources */ = {isa = PBXBuildFile; fileRef = 271DB2362C0791BB007657BE /* ADTableViewCell.xib */; };
		271DB2382C0791BB007657BE /* ADTableViewCell.swift in Sources */ = {isa = PBXBuildFile; fileRef = 271DB2352C0791BB007657BE /* ADTableViewCell.swift */; };
		271DB23C2C07A4A6007657BE /* DateFormatter+.swift in Sources */ = {isa = PBXBuildFile; fileRef = 271DB23B2C07A4A6007657BE /* DateFormatter+.swift */; };
		271DB2402C07BEFA007657BE /* CityDetailViewController.swift in Sources */ = {isa = PBXBuildFile; fileRef = 271DB23F2C07BEFA007657BE /* CityDetailViewController.swift */; };
		271DB2422C07BF18007657BE /* ADDetailViewController.swift in Sources */ = {isa = PBXBuildFile; fileRef = 271DB2412C07BF18007657BE /* ADDetailViewController.swift */; };
		274652EA2C062EC0006160C6 /* UIViewController+.swift in Sources */ = {isa = PBXBuildFile; fileRef = 274652E92C062EC0006160C6 /* UIViewController+.swift */; };
		275CF8EE2C03A17F00EC7D6B /* TravelMagazineTableViewController.swift in Sources */ = {isa = PBXBuildFile; fileRef = 275CF8ED2C03A17F00EC7D6B /* TravelMagazineTableViewController.swift */; };
		2763B8862C07F1CC006C6B8C /* CityInfo.swift in Sources */ = {isa = PBXBuildFile; fileRef = 2763B8852C07F1CC006C6B8C /* CityInfo.swift */; };
		2763B8882C07F3ED006C6B8C /* TopCity.storyboard in Resources */ = {isa = PBXBuildFile; fileRef = 2763B8872C07F3ED006C6B8C /* TopCity.storyboard */; };
		2763B88B2C07F42E006C6B8C /* TopCityViewController.swift in Sources */ = {isa = PBXBuildFile; fileRef = 2763B88A2C07F42D006C6B8C /* TopCityViewController.swift */; };
		2763B88E2C07F58C006C6B8C /* TopCityTableViewCell.swift in Sources */ = {isa = PBXBuildFile; fileRef = 2763B88C2C07F58C006C6B8C /* TopCityTableViewCell.swift */; };
		2763B88F2C07F58C006C6B8C /* TopCityTableViewCell.xib in Resources */ = {isa = PBXBuildFile; fileRef = 2763B88D2C07F58C006C6B8C /* TopCityTableViewCell.xib */; };
		278FC6DB2C08F6E80038CBD8 /* UIImageView+.swift in Sources */ = {isa = PBXBuildFile; fileRef = 278FC6DA2C08F6E80038CBD8 /* UIImageView+.swift */; };
		27D222222C05F0D6003C57D0 /* UILabel+.swift in Sources */ = {isa = PBXBuildFile; fileRef = 27D222212C05F0D6003C57D0 /* UILabel+.swift */; };
		27D222262C05F120003C57D0 /* UIButton+.swift in Sources */ = {isa = PBXBuildFile; fileRef = 27D222252C05F120003C57D0 /* UIButton+.swift */; };
		27D2222B2C05F2BD003C57D0 /* Restaurant.swift in Sources */ = {isa = PBXBuildFile; fileRef = 27D2222A2C05F2BD003C57D0 /* Restaurant.swift */; };
		27D2222D2C05F6D7003C57D0 /* MagazineInfo.swift in Sources */ = {isa = PBXBuildFile; fileRef = 27D2222C2C05F6D6003C57D0 /* MagazineInfo.swift */; };
		27D4DD942C05DD2200E94046 /* TravelMagazine.storyboard in Resources */ = {isa = PBXBuildFile; fileRef = 27D4DD932C05DD2200E94046 /* TravelMagazine.storyboard */; };
		27D4DD962C05DDBB00E94046 /* City.storyboard in Resources */ = {isa = PBXBuildFile; fileRef = 27D4DD952C05DDBB00E94046 /* City.storyboard */; };
		27F252D82C039F460054CAA5 /* AppDelegate.swift in Sources */ = {isa = PBXBuildFile; fileRef = 27F252D72C039F460054CAA5 /* AppDelegate.swift */; };
		27F252DA2C039F460054CAA5 /* SceneDelegate.swift in Sources */ = {isa = PBXBuildFile; fileRef = 27F252D92C039F460054CAA5 /* SceneDelegate.swift */; };
		27F252DC2C039F460054CAA5 /* ViewController.swift in Sources */ = {isa = PBXBuildFile; fileRef = 27F252DB2C039F460054CAA5 /* ViewController.swift */; };
		27F252DF2C039F460054CAA5 /* Base in Resources */ = {isa = PBXBuildFile; fileRef = 27F252DE2C039F460054CAA5 /* Base */; };
		27F252E12C039F470054CAA5 /* Assets.xcassets in Resources */ = {isa = PBXBuildFile; fileRef = 27F252E02C039F470054CAA5 /* Assets.xcassets */; };
		27F252E42C039F470054CAA5 /* Base in Resources */ = {isa = PBXBuildFile; fileRef = 27F252E32C039F470054CAA5 /* Base */; };
		27FC7CEB2C047013007313C2 /* CityTableViewCell.xib in Resources */ = {isa = PBXBuildFile; fileRef = 27FC7CEA2C047013007313C2 /* CityTableViewCell.xib */; };
		27FC7CEC2C047013007313C2 /* CityTableViewCell.swift in Sources */ = {isa = PBXBuildFile; fileRef = 27FC7CE92C047013007313C2 /* CityTableViewCell.swift */; };
		27FC7CF12C04851F007313C2 /* Kingfisher in Frameworks */ = {isa = PBXBuildFile; productRef = 27FC7CF02C04851F007313C2 /* Kingfisher */; };
		27FC7CF32C04860A007313C2 /* CityViewController.swift in Sources */ = {isa = PBXBuildFile; fileRef = 27FC7CF22C04860A007313C2 /* CityViewController.swift */; };
		27FC7CF52C048893007313C2 /* TravelModel.swift in Sources */ = {isa = PBXBuildFile; fileRef = 27FC7CF42C048893007313C2 /* TravelModel.swift */; };
/* End PBXBuildFile section */

/* Begin PBXFileReference section */
		271130B22C05E9D9000C6A5A /* TravelMagazineTableViewCell.swift */ = {isa = PBXFileReference; lastKnownFileType = sourcecode.swift; path = TravelMagazineTableViewCell.swift; sourceTree = "<group>"; };
		271130B32C05E9D9000C6A5A /* TravelMagazineTableViewCell.xib */ = {isa = PBXFileReference; lastKnownFileType = file.xib; path = TravelMagazineTableViewCell.xib; sourceTree = "<group>"; };
		271DB2352C0791BB007657BE /* ADTableViewCell.swift */ = {isa = PBXFileReference; lastKnownFileType = sourcecode.swift; path = ADTableViewCell.swift; sourceTree = "<group>"; };
		271DB2362C0791BB007657BE /* ADTableViewCell.xib */ = {isa = PBXFileReference; lastKnownFileType = file.xib; path = ADTableViewCell.xib; sourceTree = "<group>"; };
		271DB23B2C07A4A6007657BE /* DateFormatter+.swift */ = {isa = PBXFileReference; lastKnownFileType = sourcecode.swift; path = "DateFormatter+.swift"; sourceTree = "<group>"; };
		271DB23F2C07BEFA007657BE /* CityDetailViewController.swift */ = {isa = PBXFileReference; lastKnownFileType = sourcecode.swift; path = CityDetailViewController.swift; sourceTree = "<group>"; };
		271DB2412C07BF18007657BE /* ADDetailViewController.swift */ = {isa = PBXFileReference; lastKnownFileType = sourcecode.swift; path = ADDetailViewController.swift; sourceTree = "<group>"; };
		274652E92C062EC0006160C6 /* UIViewController+.swift */ = {isa = PBXFileReference; lastKnownFileType = sourcecode.swift; path = "UIViewController+.swift"; sourceTree = "<group>"; };
		275CF8ED2C03A17F00EC7D6B /* TravelMagazineTableViewController.swift */ = {isa = PBXFileReference; lastKnownFileType = sourcecode.swift; path = TravelMagazineTableViewController.swift; sourceTree = "<group>"; };
		2763B8852C07F1CC006C6B8C /* CityInfo.swift */ = {isa = PBXFileReference; fileEncoding = 4; lastKnownFileType = sourcecode.swift; path = CityInfo.swift; sourceTree = "<group>"; };
		2763B8872C07F3ED006C6B8C /* TopCity.storyboard */ = {isa = PBXFileReference; lastKnownFileType = file.storyboard; path = TopCity.storyboard; sourceTree = "<group>"; };
		2763B88A2C07F42D006C6B8C /* TopCityViewController.swift */ = {isa = PBXFileReference; lastKnownFileType = sourcecode.swift; path = TopCityViewController.swift; sourceTree = "<group>"; };
		2763B88C2C07F58C006C6B8C /* TopCityTableViewCell.swift */ = {isa = PBXFileReference; lastKnownFileType = sourcecode.swift; path = TopCityTableViewCell.swift; sourceTree = "<group>"; };
		2763B88D2C07F58C006C6B8C /* TopCityTableViewCell.xib */ = {isa = PBXFileReference; lastKnownFileType = file.xib; path = TopCityTableViewCell.xib; sourceTree = "<group>"; };
		278FC6DA2C08F6E80038CBD8 /* UIImageView+.swift */ = {isa = PBXFileReference; lastKnownFileType = sourcecode.swift; path = "UIImageView+.swift"; sourceTree = "<group>"; };
		27D222212C05F0D6003C57D0 /* UILabel+.swift */ = {isa = PBXFileReference; lastKnownFileType = sourcecode.swift; path = "UILabel+.swift"; sourceTree = "<group>"; };
		27D222252C05F120003C57D0 /* UIButton+.swift */ = {isa = PBXFileReference; lastKnownFileType = sourcecode.swift; path = "UIButton+.swift"; sourceTree = "<group>"; };
		27D2222A2C05F2BD003C57D0 /* Restaurant.swift */ = {isa = PBXFileReference; fileEncoding = 4; lastKnownFileType = sourcecode.swift; path = Restaurant.swift; sourceTree = "<group>"; };
		27D2222C2C05F6D6003C57D0 /* MagazineInfo.swift */ = {isa = PBXFileReference; fileEncoding = 4; lastKnownFileType = sourcecode.swift; path = MagazineInfo.swift; sourceTree = "<group>"; };
		27D4DD932C05DD2200E94046 /* TravelMagazine.storyboard */ = {isa = PBXFileReference; lastKnownFileType = file.storyboard; path = TravelMagazine.storyboard; sourceTree = "<group>"; };
		27D4DD952C05DDBB00E94046 /* City.storyboard */ = {isa = PBXFileReference; lastKnownFileType = file.storyboard; path = City.storyboard; sourceTree = "<group>"; };
		27F252D42C039F460054CAA5 /* TravelMagazine.app */ = {isa = PBXFileReference; explicitFileType = wrapper.application; includeInIndex = 0; path = TravelMagazine.app; sourceTree = BUILT_PRODUCTS_DIR; };
		27F252D72C039F460054CAA5 /* AppDelegate.swift */ = {isa = PBXFileReference; lastKnownFileType = sourcecode.swift; path = AppDelegate.swift; sourceTree = "<group>"; };
		27F252D92C039F460054CAA5 /* SceneDelegate.swift */ = {isa = PBXFileReference; lastKnownFileType = sourcecode.swift; path = SceneDelegate.swift; sourceTree = "<group>"; };
		27F252DB2C039F460054CAA5 /* ViewController.swift */ = {isa = PBXFileReference; lastKnownFileType = sourcecode.swift; path = ViewController.swift; sourceTree = "<group>"; };
		27F252DE2C039F460054CAA5 /* Base */ = {isa = PBXFileReference; lastKnownFileType = file.storyboard; name = Base; path = Base.lproj/Main.storyboard; sourceTree = "<group>"; };
		27F252E02C039F470054CAA5 /* Assets.xcassets */ = {isa = PBXFileReference; lastKnownFileType = folder.assetcatalog; path = Assets.xcassets; sourceTree = "<group>"; };
		27F252E32C039F470054CAA5 /* Base */ = {isa = PBXFileReference; lastKnownFileType = file.storyboard; name = Base; path = Base.lproj/LaunchScreen.storyboard; sourceTree = "<group>"; };
		27F252E52C039F470054CAA5 /* Info.plist */ = {isa = PBXFileReference; lastKnownFileType = text.plist.xml; path = Info.plist; sourceTree = "<group>"; };
		27FC7CE92C047013007313C2 /* CityTableViewCell.swift */ = {isa = PBXFileReference; lastKnownFileType = sourcecode.swift; path = CityTableViewCell.swift; sourceTree = "<group>"; };
		27FC7CEA2C047013007313C2 /* CityTableViewCell.xib */ = {isa = PBXFileReference; lastKnownFileType = file.xib; path = CityTableViewCell.xib; sourceTree = "<group>"; };
		27FC7CF22C04860A007313C2 /* CityViewController.swift */ = {isa = PBXFileReference; lastKnownFileType = sourcecode.swift; path = CityViewController.swift; sourceTree = "<group>"; };
		27FC7CF42C048893007313C2 /* TravelModel.swift */ = {isa = PBXFileReference; fileEncoding = 4; lastKnownFileType = sourcecode.swift; path = TravelModel.swift; sourceTree = "<group>"; };
/* End PBXFileReference section */

/* Begin PBXFrameworksBuildPhase section */
		27F252D12C039F460054CAA5 /* Frameworks */ = {
			isa = PBXFrameworksBuildPhase;
			buildActionMask = 2147483647;
			files = (
				27FC7CF12C04851F007313C2 /* Kingfisher in Frameworks */,
			);
			runOnlyForDeploymentPostprocessing = 0;
		};
/* End PBXFrameworksBuildPhase section */

/* Begin PBXGroup section */
		271130A82C05E603000C6A5A /* TravelMagazine */ = {
			isa = PBXGroup;
			children = (
				275CF8ED2C03A17F00EC7D6B /* TravelMagazineTableViewController.swift */,
			);
			path = TravelMagazine;
			sourceTree = "<group>";
		};
		271130A92C05E625000C6A5A /* City */ = {
			isa = PBXGroup;
			children = (
				27FC7CF22C04860A007313C2 /* CityViewController.swift */,
				271DB23F2C07BEFA007657BE /* CityDetailViewController.swift */,
				271DB2412C07BF18007657BE /* ADDetailViewController.swift */,
			);
			path = City;
			sourceTree = "<group>";
		};
		271130AA2C05E648000C6A5A /* Extension */ = {
			isa = PBXGroup;
			children = (
				274652E92C062EC0006160C6 /* UIViewController+.swift */,
				27D222212C05F0D6003C57D0 /* UILabel+.swift */,
				27D222252C05F120003C57D0 /* UIButton+.swift */,
				271DB23B2C07A4A6007657BE /* DateFormatter+.swift */,
				278FC6DA2C08F6E80038CBD8 /* UIImageView+.swift */,
			);
			path = Extension;
			sourceTree = "<group>";
		};
		271130AB2C05E663000C6A5A /* Cell */ = {
			isa = PBXGroup;
			children = (
				27FC7CEA2C047013007313C2 /* CityTableViewCell.xib */,
				27FC7CE92C047013007313C2 /* CityTableViewCell.swift */,
				271130B22C05E9D9000C6A5A /* TravelMagazineTableViewCell.swift */,
				271130B32C05E9D9000C6A5A /* TravelMagazineTableViewCell.xib */,
				271DB2352C0791BB007657BE /* ADTableViewCell.swift */,
				271DB2362C0791BB007657BE /* ADTableViewCell.xib */,
				2763B88C2C07F58C006C6B8C /* TopCityTableViewCell.swift */,
				2763B88D2C07F58C006C6B8C /* TopCityTableViewCell.xib */,
			);
			path = Cell;
			sourceTree = "<group>";
		};
		2763B8892C07F40B006C6B8C /* TopCity */ = {
			isa = PBXGroup;
			children = (
				2763B88A2C07F42D006C6B8C /* TopCityViewController.swift */,
			);
			path = TopCity;
			sourceTree = "<group>";
		};
		27D222272C05F15B003C57D0 /* Data */ = {
			isa = PBXGroup;
			children = (
				27FC7CF42C048893007313C2 /* TravelModel.swift */,
				27D2222C2C05F6D6003C57D0 /* MagazineInfo.swift */,
				27D2222A2C05F2BD003C57D0 /* Restaurant.swift */,
				2763B8852C07F1CC006C6B8C /* CityInfo.swift */,
			);
			path = Data;
			sourceTree = "<group>";
		};
		27F252CB2C039F460054CAA5 = {
			isa = PBXGroup;
			children = (
				27F252D62C039F460054CAA5 /* TravelMagazine */,
				27F252D52C039F460054CAA5 /* Products */,
			);
			sourceTree = "<group>";
		};
		27F252D52C039F460054CAA5 /* Products */ = {
			isa = PBXGroup;
			children = (
				27F252D42C039F460054CAA5 /* TravelMagazine.app */,
			);
			name = Products;
			sourceTree = "<group>";
		};
		27F252D62C039F460054CAA5 /* TravelMagazine */ = {
			isa = PBXGroup;
			children = (
				2763B8892C07F40B006C6B8C /* TopCity */,
				27D222272C05F15B003C57D0 /* Data */,
				271130AB2C05E663000C6A5A /* Cell */,
				271130AA2C05E648000C6A5A /* Extension */,
				271130A92C05E625000C6A5A /* City */,
				271130A82C05E603000C6A5A /* TravelMagazine */,
				27F252D72C039F460054CAA5 /* AppDelegate.swift */,
				27F252D92C039F460054CAA5 /* SceneDelegate.swift */,
				27F252DB2C039F460054CAA5 /* ViewController.swift */,
				27F252DD2C039F460054CAA5 /* Main.storyboard */,
				2763B8872C07F3ED006C6B8C /* TopCity.storyboard */,
				27D4DD952C05DDBB00E94046 /* City.storyboard */,
				27D4DD932C05DD2200E94046 /* TravelMagazine.storyboard */,
				27F252E02C039F470054CAA5 /* Assets.xcassets */,
				27F252E22C039F470054CAA5 /* LaunchScreen.storyboard */,
				27F252E52C039F470054CAA5 /* Info.plist */,
			);
			path = TravelMagazine;
			sourceTree = "<group>";
		};
/* End PBXGroup section */

/* Begin PBXNativeTarget section */
		27F252D32C039F460054CAA5 /* TravelMagazine */ = {
			isa = PBXNativeTarget;
			buildConfigurationList = 27F252E82C039F470054CAA5 /* Build configuration list for PBXNativeTarget "TravelMagazine" */;
			buildPhases = (
				27F252D02C039F460054CAA5 /* Sources */,
				27F252D12C039F460054CAA5 /* Frameworks */,
				27F252D22C039F460054CAA5 /* Resources */,
			);
			buildRules = (
			);
			dependencies = (
			);
			name = TravelMagazine;
			packageProductDependencies = (
				27FC7CF02C04851F007313C2 /* Kingfisher */,
			);
			productName = TravelMagazine;
			productReference = 27F252D42C039F460054CAA5 /* TravelMagazine.app */;
			productType = "com.apple.product-type.application";
		};
/* End PBXNativeTarget section */

/* Begin PBXProject section */
		27F252CC2C039F460054CAA5 /* Project object */ = {
			isa = PBXProject;
			attributes = {
				BuildIndependentTargetsInParallel = 1;
				LastSwiftUpdateCheck = 1540;
				LastUpgradeCheck = 1540;
				TargetAttributes = {
					27F252D32C039F460054CAA5 = {
						CreatedOnToolsVersion = 15.4;
					};
				};
			};
			buildConfigurationList = 27F252CF2C039F460054CAA5 /* Build configuration list for PBXProject "TravelMagazine" */;
			compatibilityVersion = "Xcode 14.0";
			developmentRegion = en;
			hasScannedForEncodings = 0;
			knownRegions = (
				en,
				Base,
			);
			mainGroup = 27F252CB2C039F460054CAA5;
			packageReferences = (
				27FC7CEF2C04851F007313C2 /* XCRemoteSwiftPackageReference "Kingfisher" */,
			);
			productRefGroup = 27F252D52C039F460054CAA5 /* Products */;
			projectDirPath = "";
			projectRoot = "";
			targets = (
				27F252D32C039F460054CAA5 /* TravelMagazine */,
			);
		};
/* End PBXProject section */

/* Begin PBXResourcesBuildPhase section */
		27F252D22C039F460054CAA5 /* Resources */ = {
			isa = PBXResourcesBuildPhase;
			buildActionMask = 2147483647;
			files = (
				27F252E12C039F470054CAA5 /* Assets.xcassets in Resources */,
				27F252E42C039F470054CAA5 /* Base in Resources */,
				2763B88F2C07F58C006C6B8C /* TopCityTableViewCell.xib in Resources */,
				27FC7CEB2C047013007313C2 /* CityTableViewCell.xib in Resources */,
				27D4DD962C05DDBB00E94046 /* City.storyboard in Resources */,
				271DB2372C0791BB007657BE /* ADTableViewCell.xib in Resources */,
				2763B8882C07F3ED006C6B8C /* TopCity.storyboard in Resources */,
				27D4DD942C05DD2200E94046 /* TravelMagazine.storyboard in Resources */,
				271130B52C05E9D9000C6A5A /* TravelMagazineTableViewCell.xib in Resources */,
				27F252DF2C039F460054CAA5 /* Base in Resources */,
			);
			runOnlyForDeploymentPostprocessing = 0;
		};
/* End PBXResourcesBuildPhase section */

/* Begin PBXSourcesBuildPhase section */
		27F252D02C039F460054CAA5 /* Sources */ = {
			isa = PBXSourcesBuildPhase;
			buildActionMask = 2147483647;
			files = (
				27FC7CEC2C047013007313C2 /* CityTableViewCell.swift in Sources */,
				271130B42C05E9D9000C6A5A /* TravelMagazineTableViewCell.swift in Sources */,
				271DB2382C0791BB007657BE /* ADTableViewCell.swift in Sources */,
				27D222222C05F0D6003C57D0 /* UILabel+.swift in Sources */,
				27F252DC2C039F460054CAA5 /* ViewController.swift in Sources */,
				27FC7CF32C04860A007313C2 /* CityViewController.swift in Sources */,
				27D2222D2C05F6D7003C57D0 /* MagazineInfo.swift in Sources */,
				27FC7CF52C048893007313C2 /* TravelModel.swift in Sources */,
				27D222262C05F120003C57D0 /* UIButton+.swift in Sources */,
				278FC6DB2C08F6E80038CBD8 /* UIImageView+.swift in Sources */,
				271DB2422C07BF18007657BE /* ADDetailViewController.swift in Sources */,
				271DB23C2C07A4A6007657BE /* DateFormatter+.swift in Sources */,
				27D2222B2C05F2BD003C57D0 /* Restaurant.swift in Sources */,
				2763B88E2C07F58C006C6B8C /* TopCityTableViewCell.swift in Sources */,
				2763B88B2C07F42E006C6B8C /* TopCityViewController.swift in Sources */,
				274652EA2C062EC0006160C6 /* UIViewController+.swift in Sources */,
				27F252D82C039F460054CAA5 /* AppDelegate.swift in Sources */,
				27F252DA2C039F460054CAA5 /* SceneDelegate.swift in Sources */,
				275CF8EE2C03A17F00EC7D6B /* TravelMagazineTableViewController.swift in Sources */,
				2763B8862C07F1CC006C6B8C /* CityInfo.swift in Sources */,
				271DB2402C07BEFA007657BE /* CityDetailViewController.swift in Sources */,
			);
			runOnlyForDeploymentPostprocessing = 0;
		};
/* End PBXSourcesBuildPhase section */

/* Begin PBXVariantGroup section */
		27F252DD2C039F460054CAA5 /* Main.storyboard */ = {
			isa = PBXVariantGroup;
			children = (
				27F252DE2C039F460054CAA5 /* Base */,
			);
			name = Main.storyboard;
			sourceTree = "<group>";
		};
		27F252E22C039F470054CAA5 /* LaunchScreen.storyboard */ = {
			isa = PBXVariantGroup;
			children = (
				27F252E32C039F470054CAA5 /* Base */,
			);
			name = LaunchScreen.storyboard;
			sourceTree = "<group>";
		};
/* End PBXVariantGroup section */

/* Begin XCBuildConfiguration section */
		27F252E62C039F470054CAA5 /* Debug */ = {
			isa = XCBuildConfiguration;
			buildSettings = {
				ALWAYS_SEARCH_USER_PATHS = NO;
				ASSETCATALOG_COMPILER_GENERATE_SWIFT_ASSET_SYMBOL_EXTENSIONS = YES;
				CLANG_ANALYZER_NONNULL = YES;
				CLANG_ANALYZER_NUMBER_OBJECT_CONVERSION = YES_AGGRESSIVE;
				CLANG_CXX_LANGUAGE_STANDARD = "gnu++20";
				CLANG_ENABLE_MODULES = YES;
				CLANG_ENABLE_OBJC_ARC = YES;
				CLANG_ENABLE_OBJC_WEAK = YES;
				CLANG_WARN_BLOCK_CAPTURE_AUTORELEASING = YES;
				CLANG_WARN_BOOL_CONVERSION = YES;
				CLANG_WARN_COMMA = YES;
				CLANG_WARN_CONSTANT_CONVERSION = YES;
				CLANG_WARN_DEPRECATED_OBJC_IMPLEMENTATIONS = YES;
				CLANG_WARN_DIRECT_OBJC_ISA_USAGE = YES_ERROR;
				CLANG_WARN_DOCUMENTATION_COMMENTS = YES;
				CLANG_WARN_EMPTY_BODY = YES;
				CLANG_WARN_ENUM_CONVERSION = YES;
				CLANG_WARN_INFINITE_RECURSION = YES;
				CLANG_WARN_INT_CONVERSION = YES;
				CLANG_WARN_NON_LITERAL_NULL_CONVERSION = YES;
				CLANG_WARN_OBJC_IMPLICIT_RETAIN_SELF = YES;
				CLANG_WARN_OBJC_LITERAL_CONVERSION = YES;
				CLANG_WARN_OBJC_ROOT_CLASS = YES_ERROR;
				CLANG_WARN_QUOTED_INCLUDE_IN_FRAMEWORK_HEADER = YES;
				CLANG_WARN_RANGE_LOOP_ANALYSIS = YES;
				CLANG_WARN_STRICT_PROTOTYPES = YES;
				CLANG_WARN_SUSPICIOUS_MOVE = YES;
				CLANG_WARN_UNGUARDED_AVAILABILITY = YES_AGGRESSIVE;
				CLANG_WARN_UNREACHABLE_CODE = YES;
				CLANG_WARN__DUPLICATE_METHOD_MATCH = YES;
				COPY_PHASE_STRIP = NO;
				DEBUG_INFORMATION_FORMAT = dwarf;
				ENABLE_STRICT_OBJC_MSGSEND = YES;
				ENABLE_TESTABILITY = YES;
				ENABLE_USER_SCRIPT_SANDBOXING = YES;
				GCC_C_LANGUAGE_STANDARD = gnu17;
				GCC_DYNAMIC_NO_PIC = NO;
				GCC_NO_COMMON_BLOCKS = YES;
				GCC_OPTIMIZATION_LEVEL = 0;
				GCC_PREPROCESSOR_DEFINITIONS = (
					"DEBUG=1",
					"$(inherited)",
				);
				GCC_WARN_64_TO_32_BIT_CONVERSION = YES;
				GCC_WARN_ABOUT_RETURN_TYPE = YES_ERROR;
				GCC_WARN_UNDECLARED_SELECTOR = YES;
				GCC_WARN_UNINITIALIZED_AUTOS = YES_AGGRESSIVE;
				GCC_WARN_UNUSED_FUNCTION = YES;
				GCC_WARN_UNUSED_VARIABLE = YES;
				IPHONEOS_DEPLOYMENT_TARGET = 17.5;
				LOCALIZATION_PREFERS_STRING_CATALOGS = YES;
				MTL_ENABLE_DEBUG_INFO = INCLUDE_SOURCE;
				MTL_FAST_MATH = YES;
				ONLY_ACTIVE_ARCH = YES;
				SDKROOT = iphoneos;
				SWIFT_ACTIVE_COMPILATION_CONDITIONS = "DEBUG $(inherited)";
				SWIFT_OPTIMIZATION_LEVEL = "-Onone";
			};
			name = Debug;
		};
		27F252E72C039F470054CAA5 /* Release */ = {
			isa = XCBuildConfiguration;
			buildSettings = {
				ALWAYS_SEARCH_USER_PATHS = NO;
				ASSETCATALOG_COMPILER_GENERATE_SWIFT_ASSET_SYMBOL_EXTENSIONS = YES;
				CLANG_ANALYZER_NONNULL = YES;
				CLANG_ANALYZER_NUMBER_OBJECT_CONVERSION = YES_AGGRESSIVE;
				CLANG_CXX_LANGUAGE_STANDARD = "gnu++20";
				CLANG_ENABLE_MODULES = YES;
				CLANG_ENABLE_OBJC_ARC = YES;
				CLANG_ENABLE_OBJC_WEAK = YES;
				CLANG_WARN_BLOCK_CAPTURE_AUTORELEASING = YES;
				CLANG_WARN_BOOL_CONVERSION = YES;
				CLANG_WARN_COMMA = YES;
				CLANG_WARN_CONSTANT_CONVERSION = YES;
				CLANG_WARN_DEPRECATED_OBJC_IMPLEMENTATIONS = YES;
				CLANG_WARN_DIRECT_OBJC_ISA_USAGE = YES_ERROR;
				CLANG_WARN_DOCUMENTATION_COMMENTS = YES;
				CLANG_WARN_EMPTY_BODY = YES;
				CLANG_WARN_ENUM_CONVERSION = YES;
				CLANG_WARN_INFINITE_RECURSION = YES;
				CLANG_WARN_INT_CONVERSION = YES;
				CLANG_WARN_NON_LITERAL_NULL_CONVERSION = YES;
				CLANG_WARN_OBJC_IMPLICIT_RETAIN_SELF = YES;
				CLANG_WARN_OBJC_LITERAL_CONVERSION = YES;
				CLANG_WARN_OBJC_ROOT_CLASS = YES_ERROR;
				CLANG_WARN_QUOTED_INCLUDE_IN_FRAMEWORK_HEADER = YES;
				CLANG_WARN_RANGE_LOOP_ANALYSIS = YES;
				CLANG_WARN_STRICT_PROTOTYPES = YES;
				CLANG_WARN_SUSPICIOUS_MOVE = YES;
				CLANG_WARN_UNGUARDED_AVAILABILITY = YES_AGGRESSIVE;
				CLANG_WARN_UNREACHABLE_CODE = YES;
				CLANG_WARN__DUPLICATE_METHOD_MATCH = YES;
				COPY_PHASE_STRIP = NO;
				DEBUG_INFORMATION_FORMAT = "dwarf-with-dsym";
				ENABLE_NS_ASSERTIONS = NO;
				ENABLE_STRICT_OBJC_MSGSEND = YES;
				ENABLE_USER_SCRIPT_SANDBOXING = YES;
				GCC_C_LANGUAGE_STANDARD = gnu17;
				GCC_NO_COMMON_BLOCKS = YES;
				GCC_WARN_64_TO_32_BIT_CONVERSION = YES;
				GCC_WARN_ABOUT_RETURN_TYPE = YES_ERROR;
				GCC_WARN_UNDECLARED_SELECTOR = YES;
				GCC_WARN_UNINITIALIZED_AUTOS = YES_AGGRESSIVE;
				GCC_WARN_UNUSED_FUNCTION = YES;
				GCC_WARN_UNUSED_VARIABLE = YES;
				IPHONEOS_DEPLOYMENT_TARGET = 17.5;
				LOCALIZATION_PREFERS_STRING_CATALOGS = YES;
				MTL_ENABLE_DEBUG_INFO = NO;
				MTL_FAST_MATH = YES;
				SDKROOT = iphoneos;
				SWIFT_COMPILATION_MODE = wholemodule;
				VALIDATE_PRODUCT = YES;
			};
			name = Release;
		};
		27F252E92C039F470054CAA5 /* Debug */ = {
			isa = XCBuildConfiguration;
			buildSettings = {
				ASSETCATALOG_COMPILER_APPICON_NAME = AppIcon;
				ASSETCATALOG_COMPILER_GLOBAL_ACCENT_COLOR_NAME = AccentColor;
				CODE_SIGN_STYLE = Automatic;
				CURRENT_PROJECT_VERSION = 1;
				DEVELOPMENT_TEAM = YAZ6T34227;
				GENERATE_INFOPLIST_FILE = YES;
				INFOPLIST_FILE = TravelMagazine/Info.plist;
				INFOPLIST_KEY_UIApplicationSupportsIndirectInputEvents = YES;
				INFOPLIST_KEY_UILaunchStoryboardName = LaunchScreen;
				INFOPLIST_KEY_UIMainStoryboardFile = Main;
				INFOPLIST_KEY_UISupportedInterfaceOrientations_iPad = "UIInterfaceOrientationPortrait UIInterfaceOrientationPortraitUpsideDown UIInterfaceOrientationLandscapeLeft UIInterfaceOrientationLandscapeRight";
				INFOPLIST_KEY_UISupportedInterfaceOrientations_iPhone = "UIInterfaceOrientationPortrait UIInterfaceOrientationLandscapeLeft UIInterfaceOrientationLandscapeRight";
				LD_RUNPATH_SEARCH_PATHS = (
					"$(inherited)",
					"@executable_path/Frameworks",
				);
				MARKETING_VERSION = 1.0;
				PRODUCT_BUNDLE_IDENTIFIER = hwanghye.TravelMagazine;
				PRODUCT_NAME = "$(TARGET_NAME)";
				SUPPORTED_PLATFORMS = "iphoneos iphonesimulator";
				SUPPORTS_MACCATALYST = NO;
				SUPPORTS_MAC_DESIGNED_FOR_IPHONE_IPAD = NO;
				SUPPORTS_XR_DESIGNED_FOR_IPHONE_IPAD = NO;
				SWIFT_EMIT_LOC_STRINGS = YES;
				SWIFT_VERSION = 5.0;
				TARGETED_DEVICE_FAMILY = 1;
			};
			name = Debug;
		};
		27F252EA2C039F470054CAA5 /* Release */ = {
			isa = XCBuildConfiguration;
			buildSettings = {
				ASSETCATALOG_COMPILER_APPICON_NAME = AppIcon;
				ASSETCATALOG_COMPILER_GLOBAL_ACCENT_COLOR_NAME = AccentColor;
				CODE_SIGN_STYLE = Automatic;
				CURRENT_PROJECT_VERSION = 1;
				DEVELOPMENT_TEAM = YAZ6T34227;
				GENERATE_INFOPLIST_FILE = YES;
				INFOPLIST_FILE = TravelMagazine/Info.plist;
				INFOPLIST_KEY_UIApplicationSupportsIndirectInputEvents = YES;
				INFOPLIST_KEY_UILaunchStoryboardName = LaunchScreen;
				INFOPLIST_KEY_UIMainStoryboardFile = Main;
				INFOPLIST_KEY_UISupportedInterfaceOrientations_iPad = "UIInterfaceOrientationPortrait UIInterfaceOrientationPortraitUpsideDown UIInterfaceOrientationLandscapeLeft UIInterfaceOrientationLandscapeRight";
				INFOPLIST_KEY_UISupportedInterfaceOrientations_iPhone = "UIInterfaceOrientationPortrait UIInterfaceOrientationLandscapeLeft UIInterfaceOrientationLandscapeRight";
				LD_RUNPATH_SEARCH_PATHS = (
					"$(inherited)",
					"@executable_path/Frameworks",
				);
				MARKETING_VERSION = 1.0;
				PRODUCT_BUNDLE_IDENTIFIER = hwanghye.TravelMagazine;
				PRODUCT_NAME = "$(TARGET_NAME)";
				SUPPORTED_PLATFORMS = "iphoneos iphonesimulator";
				SUPPORTS_MACCATALYST = NO;
				SUPPORTS_MAC_DESIGNED_FOR_IPHONE_IPAD = NO;
				SUPPORTS_XR_DESIGNED_FOR_IPHONE_IPAD = NO;
				SWIFT_EMIT_LOC_STRINGS = YES;
				SWIFT_VERSION = 5.0;
				TARGETED_DEVICE_FAMILY = 1;
			};
			name = Release;
		};
/* End XCBuildConfiguration section */

/* Begin XCConfigurationList section */
		27F252CF2C039F460054CAA5 /* Build configuration list for PBXProject "TravelMagazine" */ = {
			isa = XCConfigurationList;
			buildConfigurations = (
				27F252E62C039F470054CAA5 /* Debug */,
				27F252E72C039F470054CAA5 /* Release */,
			);
			defaultConfigurationIsVisible = 0;
			defaultConfigurationName = Release;
		};
		27F252E82C039F470054CAA5 /* Build configuration list for PBXNativeTarget "TravelMagazine" */ = {
			isa = XCConfigurationList;
			buildConfigurations = (
				27F252E92C039F470054CAA5 /* Debug */,
				27F252EA2C039F470054CAA5 /* Release */,
			);
			defaultConfigurationIsVisible = 0;
			defaultConfigurationName = Release;
		};
/* End XCConfigurationList section */

/* Begin XCRemoteSwiftPackageReference section */
		27FC7CEF2C04851F007313C2 /* XCRemoteSwiftPackageReference "Kingfisher" */ = {
			isa = XCRemoteSwiftPackageReference;
			repositoryURL = "https://github.com/onevcat/Kingfisher.git";
			requirement = {
				kind = upToNextMajorVersion;
				minimumVersion = 7.11.0;
			};
		};
/* End XCRemoteSwiftPackageReference section */

/* Begin XCSwiftPackageProductDependency section */
		27FC7CF02C04851F007313C2 /* Kingfisher */ = {
			isa = XCSwiftPackageProductDependency;
			package = 27FC7CEF2C04851F007313C2 /* XCRemoteSwiftPackageReference "Kingfisher" */;
			productName = Kingfisher;
		};
/* End XCSwiftPackageProductDependency section */
	};
	rootObject = 27F252CC2C039F460054CAA5 /* Project object */;
}
